// !$*UTF8*$!
{
	archiveVersion = 1;
	classes = {
	};
	objectVersion = 46;
	objects = {

/* Begin PBXBuildFile section */
		D8B008281C955183005663B1 /* Proj4Swift.h in Headers */ = {isa = PBXBuildFile; fileRef = D8B008271C955183005663B1 /* Proj4Swift.h */; settings = {ATTRIBUTES = (Public, ); }; };
		D8B0082F1C955183005663B1 /* Proj4Swift.framework in Frameworks */ = {isa = PBXBuildFile; fileRef = D8B008241C955183005663B1 /* Proj4Swift.framework */; };
		D8B008341C955183005663B1 /* ProjectionTests.swift in Sources */ = {isa = PBXBuildFile; fileRef = D8B008331C955183005663B1 /* ProjectionTests.swift */; };
		D8B009AE1C9553AD005663B1 /* Projection.swift in Sources */ = {isa = PBXBuildFile; fileRef = D8B009AD1C9553AD005663B1 /* Projection.swift */; };
		D8B009C51C956740005663B1 /* emess.h in Headers */ = {isa = PBXBuildFile; fileRef = D8B009981C955229005663B1 /* emess.h */; };
		D8B009C61C956740005663B1 /* geocent.h in Headers */ = {isa = PBXBuildFile; fileRef = D8B009991C955229005663B1 /* geocent.h */; };
		D8B009C71C956740005663B1 /* geod_interface.h in Headers */ = {isa = PBXBuildFile; fileRef = D8B0099A1C955229005663B1 /* geod_interface.h */; };
		D8B009C81C956740005663B1 /* geodesic.h in Headers */ = {isa = PBXBuildFile; fileRef = D8B0099B1C955229005663B1 /* geodesic.h */; };
		D8B009C91C956740005663B1 /* nad_list.h in Headers */ = {isa = PBXBuildFile; fileRef = D8B0099C1C955229005663B1 /* nad_list.h */; };
		D8B009CA1C956740005663B1 /* org_proj4_PJ.h in Headers */ = {isa = PBXBuildFile; fileRef = D8B0099D1C955229005663B1 /* org_proj4_PJ.h */; };
		D8B009CB1C956740005663B1 /* org_proj4_Projections.h in Headers */ = {isa = PBXBuildFile; fileRef = D8B0099E1C955229005663B1 /* org_proj4_Projections.h */; };
		D8B009CC1C956740005663B1 /* pj_list.h in Headers */ = {isa = PBXBuildFile; fileRef = D8B0099F1C955229005663B1 /* pj_list.h */; };
		D8B009CD1C956740005663B1 /* proj_api.h in Headers */ = {isa = PBXBuildFile; fileRef = D8B009A01C955229005663B1 /* proj_api.h */; };
		D8B009CE1C956740005663B1 /* projects.h in Headers */ = {isa = PBXBuildFile; fileRef = D8B009A11C955229005663B1 /* projects.h */; };
		D8B009D21C956926005663B1 /* proj_config.h in Headers */ = {isa = PBXBuildFile; fileRef = D8B009D11C95691D005663B1 /* proj_config.h */; };
		D8B00A781C956ADA005663B1 /* aasincos.c in Sources */ = {isa = PBXBuildFile; fileRef = D8B008401C955213005663B1 /* aasincos.c */; };
		D8B00A791C956ADA005663B1 /* adjlon.c in Sources */ = {isa = PBXBuildFile; fileRef = D8B008411C955213005663B1 /* adjlon.c */; };
		D8B00A7A1C956ADA005663B1 /* bch2bps.c in Sources */ = {isa = PBXBuildFile; fileRef = D8B008421C955213005663B1 /* bch2bps.c */; };
		D8B00A7B1C956ADA005663B1 /* bchgen.c in Sources */ = {isa = PBXBuildFile; fileRef = D8B008431C955213005663B1 /* bchgen.c */; };
		D8B00A7C1C956ADA005663B1 /* biveval.c in Sources */ = {isa = PBXBuildFile; fileRef = D8B008441C955213005663B1 /* biveval.c */; };
		D8B00A7D1C956ADA005663B1 /* dmstor.c in Sources */ = {isa = PBXBuildFile; fileRef = D8B008461C955213005663B1 /* dmstor.c */; };
		D8B00A7E1C956ADA005663B1 /* emess.c in Sources */ = {isa = PBXBuildFile; fileRef = D8B008471C955213005663B1 /* emess.c */; };
		D8B00A7F1C956ADA005663B1 /* gen_cheb.c in Sources */ = {isa = PBXBuildFile; fileRef = D8B008481C955213005663B1 /* gen_cheb.c */; };
		D8B00A801C956ADA005663B1 /* geocent.c in Sources */ = {isa = PBXBuildFile; fileRef = D8B008491C955213005663B1 /* geocent.c */; };
		D8B00A811C956ADA005663B1 /* geod_interface.c in Sources */ = {isa = PBXBuildFile; fileRef = D8B0084A1C955213005663B1 /* geod_interface.c */; };
		D8B00A821C956ADA005663B1 /* geod_set.c in Sources */ = {isa = PBXBuildFile; fileRef = D8B0084B1C955213005663B1 /* geod_set.c */; };
		D8B00A831C956ADA005663B1 /* geodesic.c in Sources */ = {isa = PBXBuildFile; fileRef = D8B0084D1C955213005663B1 /* geodesic.c */; };
		D8B00A841C956ADA005663B1 /* hypot.c in Sources */ = {isa = PBXBuildFile; fileRef = D8B0084F1C955213005663B1 /* hypot.c */; };
		D8B00A851C956ADA005663B1 /* jniproj.c in Sources */ = {isa = PBXBuildFile; fileRef = D8B008501C955213005663B1 /* jniproj.c */; };
		D8B00A861C956ADA005663B1 /* mk_cheby.c in Sources */ = {isa = PBXBuildFile; fileRef = D8B008511C955213005663B1 /* mk_cheby.c */; };
		D8B00A871C956ADA005663B1 /* nad_cvt.c in Sources */ = {isa = PBXBuildFile; fileRef = D8B008531C955213005663B1 /* nad_cvt.c */; };
		D8B00A881C956ADA005663B1 /* nad_init.c in Sources */ = {isa = PBXBuildFile; fileRef = D8B008541C955213005663B1 /* nad_init.c */; };
		D8B00A891C956ADA005663B1 /* nad_intr.c in Sources */ = {isa = PBXBuildFile; fileRef = D8B008551C955213005663B1 /* nad_intr.c */; };
		D8B00A8A1C956ADA005663B1 /* p_series.c in Sources */ = {isa = PBXBuildFile; fileRef = D8B008571C955213005663B1 /* p_series.c */; };
		D8B00A8B1C956ADA005663B1 /* PJ_aea.c in Sources */ = {isa = PBXBuildFile; fileRef = D8B008581C955213005663B1 /* PJ_aea.c */; };
		D8B00A8C1C956ADA005663B1 /* PJ_aeqd.c in Sources */ = {isa = PBXBuildFile; fileRef = D8B008591C955213005663B1 /* PJ_aeqd.c */; };
		D8B00A8D1C956ADA005663B1 /* PJ_airy.c in Sources */ = {isa = PBXBuildFile; fileRef = D8B0085A1C955213005663B1 /* PJ_airy.c */; };
		D8B00A8E1C956ADA005663B1 /* PJ_aitoff.c in Sources */ = {isa = PBXBuildFile; fileRef = D8B0085B1C955213005663B1 /* PJ_aitoff.c */; };
		D8B00A8F1C956ADA005663B1 /* pj_apply_gridshift.c in Sources */ = {isa = PBXBuildFile; fileRef = D8B0085C1C955213005663B1 /* pj_apply_gridshift.c */; };
		D8B00A901C956ADA005663B1 /* pj_apply_vgridshift.c in Sources */ = {isa = PBXBuildFile; fileRef = D8B0085D1C955213005663B1 /* pj_apply_vgridshift.c */; };
		D8B00A911C956ADA005663B1 /* PJ_august.c in Sources */ = {isa = PBXBuildFile; fileRef = D8B0085E1C955213005663B1 /* PJ_august.c */; };
		D8B00A921C956ADA005663B1 /* pj_auth.c in Sources */ = {isa = PBXBuildFile; fileRef = D8B0085F1C955213005663B1 /* pj_auth.c */; };
		D8B00A931C956ADA005663B1 /* PJ_bacon.c in Sources */ = {isa = PBXBuildFile; fileRef = D8B008601C955213005663B1 /* PJ_bacon.c */; };
		D8B00A941C956ADA005663B1 /* PJ_bipc.c in Sources */ = {isa = PBXBuildFile; fileRef = D8B008611C955213005663B1 /* PJ_bipc.c */; };
		D8B00A951C956ADA005663B1 /* PJ_boggs.c in Sources */ = {isa = PBXBuildFile; fileRef = D8B008621C955213005663B1 /* PJ_boggs.c */; };
		D8B00A961C956ADA005663B1 /* PJ_bonne.c in Sources */ = {isa = PBXBuildFile; fileRef = D8B008631C955213005663B1 /* PJ_bonne.c */; };
		D8B00A971C956ADA005663B1 /* PJ_calcofi.c in Sources */ = {isa = PBXBuildFile; fileRef = D8B008641C955213005663B1 /* PJ_calcofi.c */; };
		D8B00A981C956ADA005663B1 /* PJ_cass.c in Sources */ = {isa = PBXBuildFile; fileRef = D8B008651C955213005663B1 /* PJ_cass.c */; };
		D8B00A991C956ADA005663B1 /* PJ_cc.c in Sources */ = {isa = PBXBuildFile; fileRef = D8B008661C955213005663B1 /* PJ_cc.c */; };
		D8B00A9A1C956ADA005663B1 /* PJ_cea.c in Sources */ = {isa = PBXBuildFile; fileRef = D8B008671C955213005663B1 /* PJ_cea.c */; };
		D8B00A9B1C956ADA005663B1 /* PJ_chamb.c in Sources */ = {isa = PBXBuildFile; fileRef = D8B008681C955213005663B1 /* PJ_chamb.c */; };
		D8B00A9C1C956ADA005663B1 /* PJ_collg.c in Sources */ = {isa = PBXBuildFile; fileRef = D8B008691C955213005663B1 /* PJ_collg.c */; };
		D8B00A9D1C956ADA005663B1 /* PJ_crast.c in Sources */ = {isa = PBXBuildFile; fileRef = D8B0086A1C955213005663B1 /* PJ_crast.c */; };
		D8B00A9E1C956ADA005663B1 /* pj_ctx.c in Sources */ = {isa = PBXBuildFile; fileRef = D8B0086B1C955213005663B1 /* pj_ctx.c */; };
		D8B00A9F1C956ADA005663B1 /* pj_datum_set.c in Sources */ = {isa = PBXBuildFile; fileRef = D8B0086C1C955213005663B1 /* pj_datum_set.c */; };
		D8B00AA01C956ADA005663B1 /* pj_datums.c in Sources */ = {isa = PBXBuildFile; fileRef = D8B0086D1C955213005663B1 /* pj_datums.c */; };
		D8B00AA11C956ADA005663B1 /* PJ_denoy.c in Sources */ = {isa = PBXBuildFile; fileRef = D8B0086E1C955213005663B1 /* PJ_denoy.c */; };
		D8B00AA21C956ADA005663B1 /* pj_deriv.c in Sources */ = {isa = PBXBuildFile; fileRef = D8B0086F1C955213005663B1 /* pj_deriv.c */; };
		D8B00AA31C956ADA005663B1 /* PJ_eck1.c in Sources */ = {isa = PBXBuildFile; fileRef = D8B008701C955213005663B1 /* PJ_eck1.c */; };
		D8B00AA41C956ADA005663B1 /* PJ_eck2.c in Sources */ = {isa = PBXBuildFile; fileRef = D8B008711C955213005663B1 /* PJ_eck2.c */; };
		D8B00AA51C956ADA005663B1 /* PJ_eck3.c in Sources */ = {isa = PBXBuildFile; fileRef = D8B008721C955213005663B1 /* PJ_eck3.c */; };
		D8B00AA61C956ADA005663B1 /* PJ_eck4.c in Sources */ = {isa = PBXBuildFile; fileRef = D8B008731C955213005663B1 /* PJ_eck4.c */; };
		D8B00AA71C956ADA005663B1 /* PJ_eck5.c in Sources */ = {isa = PBXBuildFile; fileRef = D8B008741C955213005663B1 /* PJ_eck5.c */; };
		D8B00AA81C956ADA005663B1 /* pj_ell_set.c in Sources */ = {isa = PBXBuildFile; fileRef = D8B008751C955213005663B1 /* pj_ell_set.c */; };
		D8B00AA91C956ADA005663B1 /* pj_ellps.c in Sources */ = {isa = PBXBuildFile; fileRef = D8B008761C955213005663B1 /* pj_ellps.c */; };
		D8B00AAA1C956ADA005663B1 /* PJ_eqc.c in Sources */ = {isa = PBXBuildFile; fileRef = D8B008771C955213005663B1 /* PJ_eqc.c */; };
		D8B00AAB1C956ADA005663B1 /* PJ_eqdc.c in Sources */ = {isa = PBXBuildFile; fileRef = D8B008781C955213005663B1 /* PJ_eqdc.c */; };
		D8B00AAC1C956ADA005663B1 /* pj_errno.c in Sources */ = {isa = PBXBuildFile; fileRef = D8B008791C955213005663B1 /* pj_errno.c */; };
		D8B00AAD1C956ADA005663B1 /* pj_factors.c in Sources */ = {isa = PBXBuildFile; fileRef = D8B0087A1C955213005663B1 /* pj_factors.c */; };
		D8B00AAE1C956ADA005663B1 /* PJ_fahey.c in Sources */ = {isa = PBXBuildFile; fileRef = D8B0087B1C955213005663B1 /* PJ_fahey.c */; };
		D8B00AAF1C956ADA005663B1 /* pj_fileapi.c in Sources */ = {isa = PBXBuildFile; fileRef = D8B0087C1C955213005663B1 /* pj_fileapi.c */; };
		D8B00AB01C956ADA005663B1 /* PJ_fouc_s.c in Sources */ = {isa = PBXBuildFile; fileRef = D8B0087D1C955213005663B1 /* PJ_fouc_s.c */; };
		D8B00AB11C956ADA005663B1 /* pj_fwd.c in Sources */ = {isa = PBXBuildFile; fileRef = D8B0087E1C955213005663B1 /* pj_fwd.c */; };
		D8B00AB21C956ADA005663B1 /* pj_fwd3d.c in Sources */ = {isa = PBXBuildFile; fileRef = D8B0087F1C955213005663B1 /* pj_fwd3d.c */; };
		D8B00AB31C956ADA005663B1 /* PJ_gall.c in Sources */ = {isa = PBXBuildFile; fileRef = D8B008801C955213005663B1 /* PJ_gall.c */; };
		D8B00AB41C956ADA005663B1 /* pj_gauss.c in Sources */ = {isa = PBXBuildFile; fileRef = D8B008811C955213005663B1 /* pj_gauss.c */; };
		D8B00AB51C956ADA005663B1 /* pj_gc_reader.c in Sources */ = {isa = PBXBuildFile; fileRef = D8B008821C955213005663B1 /* pj_gc_reader.c */; };
		D8B00AB61C956ADA005663B1 /* pj_geocent.c in Sources */ = {isa = PBXBuildFile; fileRef = D8B008831C955213005663B1 /* pj_geocent.c */; };
		D8B00AB71C956ADA005663B1 /* PJ_geos.c in Sources */ = {isa = PBXBuildFile; fileRef = D8B008841C955213005663B1 /* PJ_geos.c */; };
		D8B00AB81C956ADA005663B1 /* PJ_gins8.c in Sources */ = {isa = PBXBuildFile; fileRef = D8B008851C955213005663B1 /* PJ_gins8.c */; };
		D8B00AB91C956ADA005663B1 /* PJ_gn_sinu.c in Sources */ = {isa = PBXBuildFile; fileRef = D8B008861C955213005663B1 /* PJ_gn_sinu.c */; };
		D8B00ABA1C956ADA005663B1 /* PJ_gnom.c in Sources */ = {isa = PBXBuildFile; fileRef = D8B008871C955213005663B1 /* PJ_gnom.c */; };
		D8B00ABB1C956ADA005663B1 /* PJ_goode.c in Sources */ = {isa = PBXBuildFile; fileRef = D8B008881C955213005663B1 /* PJ_goode.c */; };
		D8B00ABC1C956ADA005663B1 /* pj_gridcatalog.c in Sources */ = {isa = PBXBuildFile; fileRef = D8B008891C955213005663B1 /* pj_gridcatalog.c */; };
		D8B00ABD1C956ADA005663B1 /* pj_gridinfo.c in Sources */ = {isa = PBXBuildFile; fileRef = D8B0088A1C955213005663B1 /* pj_gridinfo.c */; };
		D8B00ABE1C956ADA005663B1 /* pj_gridlist.c in Sources */ = {isa = PBXBuildFile; fileRef = D8B0088B1C955213005663B1 /* pj_gridlist.c */; };
		D8B00ABF1C956ADA005663B1 /* PJ_gstmerc.c in Sources */ = {isa = PBXBuildFile; fileRef = D8B0088C1C955213005663B1 /* PJ_gstmerc.c */; };
		D8B00AC01C956ADA005663B1 /* PJ_hammer.c in Sources */ = {isa = PBXBuildFile; fileRef = D8B0088D1C955213005663B1 /* PJ_hammer.c */; };
		D8B00AC11C956ADA005663B1 /* PJ_hatano.c in Sources */ = {isa = PBXBuildFile; fileRef = D8B0088E1C955213005663B1 /* PJ_hatano.c */; };
		D8B00AC21C956ADA005663B1 /* PJ_healpix.c in Sources */ = {isa = PBXBuildFile; fileRef = D8B0088F1C955213005663B1 /* PJ_healpix.c */; };
		D8B00AC31C956ADA005663B1 /* PJ_igh.c in Sources */ = {isa = PBXBuildFile; fileRef = D8B008901C955213005663B1 /* PJ_igh.c */; };
		D8B00AC41C956ADA005663B1 /* PJ_imw_p.c in Sources */ = {isa = PBXBuildFile; fileRef = D8B008911C955213005663B1 /* PJ_imw_p.c */; };
		D8B00AC51C956ADA005663B1 /* pj_init.c in Sources */ = {isa = PBXBuildFile; fileRef = D8B008921C955213005663B1 /* pj_init.c */; };
		D8B00AC61C956ADA005663B1 /* pj_initcache.c in Sources */ = {isa = PBXBuildFile; fileRef = D8B008931C955213005663B1 /* pj_initcache.c */; };
		D8B00AC71C956ADA005663B1 /* pj_inv.c in Sources */ = {isa = PBXBuildFile; fileRef = D8B008941C955213005663B1 /* pj_inv.c */; };
		D8B00AC81C956ADA005663B1 /* pj_inv3d.c in Sources */ = {isa = PBXBuildFile; fileRef = D8B008951C955213005663B1 /* pj_inv3d.c */; };
		D8B00AC91C956ADA005663B1 /* PJ_isea.c in Sources */ = {isa = PBXBuildFile; fileRef = D8B008961C955213005663B1 /* PJ_isea.c */; };
		D8B00ACA1C956ADA005663B1 /* PJ_krovak.c in Sources */ = {isa = PBXBuildFile; fileRef = D8B008971C955213005663B1 /* PJ_krovak.c */; };
		D8B00ACB1C956ADA005663B1 /* PJ_labrd.c in Sources */ = {isa = PBXBuildFile; fileRef = D8B008981C955213005663B1 /* PJ_labrd.c */; };
		D8B00ACC1C956ADA005663B1 /* PJ_laea.c in Sources */ = {isa = PBXBuildFile; fileRef = D8B008991C955213005663B1 /* PJ_laea.c */; };
		D8B00ACD1C956ADA005663B1 /* PJ_lagrng.c in Sources */ = {isa = PBXBuildFile; fileRef = D8B0089A1C955213005663B1 /* PJ_lagrng.c */; };
		D8B00ACE1C956ADA005663B1 /* PJ_larr.c in Sources */ = {isa = PBXBuildFile; fileRef = D8B0089B1C955213005663B1 /* PJ_larr.c */; };
		D8B00ACF1C956ADA005663B1 /* PJ_lask.c in Sources */ = {isa = PBXBuildFile; fileRef = D8B0089C1C955213005663B1 /* PJ_lask.c */; };
		D8B00AD01C956ADA005663B1 /* pj_latlong.c in Sources */ = {isa = PBXBuildFile; fileRef = D8B0089D1C955213005663B1 /* pj_latlong.c */; };
		D8B00AD11C956ADA005663B1 /* PJ_lcc.c in Sources */ = {isa = PBXBuildFile; fileRef = D8B0089E1C955213005663B1 /* PJ_lcc.c */; };
		D8B00AD21C956ADA005663B1 /* PJ_lcca.c in Sources */ = {isa = PBXBuildFile; fileRef = D8B0089F1C955213005663B1 /* PJ_lcca.c */; };
		D8B00AD31C956ADA005663B1 /* pj_list.c in Sources */ = {isa = PBXBuildFile; fileRef = D8B008A01C955213005663B1 /* pj_list.c */; };
		D8B00AD41C956ADA005663B1 /* pj_log.c in Sources */ = {isa = PBXBuildFile; fileRef = D8B008A11C955213005663B1 /* pj_log.c */; };
		D8B00AD51C956ADA005663B1 /* PJ_loxim.c in Sources */ = {isa = PBXBuildFile; fileRef = D8B008A21C955213005663B1 /* PJ_loxim.c */; };
		D8B00AD61C956ADA005663B1 /* PJ_lsat.c in Sources */ = {isa = PBXBuildFile; fileRef = D8B008A31C955213005663B1 /* PJ_lsat.c */; };
		D8B00AD71C956ADA005663B1 /* pj_malloc.c in Sources */ = {isa = PBXBuildFile; fileRef = D8B008A41C955213005663B1 /* pj_malloc.c */; };
		D8B00AD81C956ADA005663B1 /* PJ_mbt_fps.c in Sources */ = {isa = PBXBuildFile; fileRef = D8B008A51C955213005663B1 /* PJ_mbt_fps.c */; };
		D8B00AD91C956ADA005663B1 /* PJ_mbtfpp.c in Sources */ = {isa = PBXBuildFile; fileRef = D8B008A61C955213005663B1 /* PJ_mbtfpp.c */; };
		D8B00ADA1C956ADA005663B1 /* PJ_mbtfpq.c in Sources */ = {isa = PBXBuildFile; fileRef = D8B008A71C955213005663B1 /* PJ_mbtfpq.c */; };
		D8B00ADB1C956ADA005663B1 /* PJ_merc.c in Sources */ = {isa = PBXBuildFile; fileRef = D8B008A81C955213005663B1 /* PJ_merc.c */; };
		D8B00ADC1C956ADA005663B1 /* PJ_mill.c in Sources */ = {isa = PBXBuildFile; fileRef = D8B008A91C955213005663B1 /* PJ_mill.c */; };
		D8B00ADD1C956ADA005663B1 /* PJ_misrsom.c in Sources */ = {isa = PBXBuildFile; fileRef = D8B008AA1C955213005663B1 /* PJ_misrsom.c */; };
		D8B00ADE1C956ADA005663B1 /* pj_mlfn.c in Sources */ = {isa = PBXBuildFile; fileRef = D8B008AB1C955213005663B1 /* pj_mlfn.c */; };
		D8B00ADF1C956ADA005663B1 /* PJ_mod_ster.c in Sources */ = {isa = PBXBuildFile; fileRef = D8B008AC1C955213005663B1 /* PJ_mod_ster.c */; };
		D8B00AE01C956ADA005663B1 /* PJ_moll.c in Sources */ = {isa = PBXBuildFile; fileRef = D8B008AD1C955213005663B1 /* PJ_moll.c */; };
		D8B00AE11C956ADA005663B1 /* pj_msfn.c in Sources */ = {isa = PBXBuildFile; fileRef = D8B008AE1C955213005663B1 /* pj_msfn.c */; };
		D8B00AE21C956ADA005663B1 /* pj_mutex.c in Sources */ = {isa = PBXBuildFile; fileRef = D8B008AF1C955213005663B1 /* pj_mutex.c */; };
		D8B00AE31C956ADA005663B1 /* PJ_natearth.c in Sources */ = {isa = PBXBuildFile; fileRef = D8B008B01C955213005663B1 /* PJ_natearth.c */; };
		D8B00AE41C956ADA005663B1 /* PJ_nell_h.c in Sources */ = {isa = PBXBuildFile; fileRef = D8B008B11C955213005663B1 /* PJ_nell_h.c */; };
		D8B00AE51C956ADA005663B1 /* PJ_nell.c in Sources */ = {isa = PBXBuildFile; fileRef = D8B008B21C955213005663B1 /* PJ_nell.c */; };
		D8B00AE61C956ADA005663B1 /* PJ_nocol.c in Sources */ = {isa = PBXBuildFile; fileRef = D8B008B31C955213005663B1 /* PJ_nocol.c */; };
		D8B00AE71C956ADA005663B1 /* PJ_nsper.c in Sources */ = {isa = PBXBuildFile; fileRef = D8B008B41C955213005663B1 /* PJ_nsper.c */; };
		D8B00AE81C956ADA005663B1 /* PJ_nzmg.c in Sources */ = {isa = PBXBuildFile; fileRef = D8B008B51C955213005663B1 /* PJ_nzmg.c */; };
		D8B00AE91C956ADA005663B1 /* PJ_ob_tran.c in Sources */ = {isa = PBXBuildFile; fileRef = D8B008B61C955213005663B1 /* PJ_ob_tran.c */; };
		D8B00AEA1C956ADA005663B1 /* PJ_ocea.c in Sources */ = {isa = PBXBuildFile; fileRef = D8B008B71C955213005663B1 /* PJ_ocea.c */; };
		D8B00AEB1C956ADA005663B1 /* PJ_oea.c in Sources */ = {isa = PBXBuildFile; fileRef = D8B008B81C955213005663B1 /* PJ_oea.c */; };
		D8B00AEC1C956ADA005663B1 /* PJ_omerc.c in Sources */ = {isa = PBXBuildFile; fileRef = D8B008B91C955213005663B1 /* PJ_omerc.c */; };
		D8B00AED1C956ADA005663B1 /* pj_open_lib.c in Sources */ = {isa = PBXBuildFile; fileRef = D8B008BA1C955213005663B1 /* pj_open_lib.c */; };
		D8B00AEE1C956ADA005663B1 /* PJ_ortho.c in Sources */ = {isa = PBXBuildFile; fileRef = D8B008BB1C955213005663B1 /* PJ_ortho.c */; };
		D8B00AEF1C956ADA005663B1 /* pj_param.c in Sources */ = {isa = PBXBuildFile; fileRef = D8B008BC1C955213005663B1 /* pj_param.c */; };
		D8B00AF01C956ADA005663B1 /* pj_phi2.c in Sources */ = {isa = PBXBuildFile; fileRef = D8B008BD1C955213005663B1 /* pj_phi2.c */; };
		D8B00AF11C956ADA005663B1 /* PJ_poly.c in Sources */ = {isa = PBXBuildFile; fileRef = D8B008BE1C955213005663B1 /* PJ_poly.c */; };
		D8B00AF21C956ADA005663B1 /* pj_pr_list.c in Sources */ = {isa = PBXBuildFile; fileRef = D8B008BF1C955213005663B1 /* pj_pr_list.c */; };
		D8B00AF31C956ADA005663B1 /* PJ_putp2.c in Sources */ = {isa = PBXBuildFile; fileRef = D8B008C01C955213005663B1 /* PJ_putp2.c */; };
		D8B00AF41C956ADA005663B1 /* PJ_putp3.c in Sources */ = {isa = PBXBuildFile; fileRef = D8B008C11C955213005663B1 /* PJ_putp3.c */; };
		D8B00AF51C956ADA005663B1 /* PJ_putp4p.c in Sources */ = {isa = PBXBuildFile; fileRef = D8B008C21C955213005663B1 /* PJ_putp4p.c */; };
		D8B00AF61C956ADA005663B1 /* PJ_putp5.c in Sources */ = {isa = PBXBuildFile; fileRef = D8B008C31C955213005663B1 /* PJ_putp5.c */; };
		D8B00AF71C956ADA005663B1 /* PJ_putp6.c in Sources */ = {isa = PBXBuildFile; fileRef = D8B008C41C955213005663B1 /* PJ_putp6.c */; };
		D8B00AF81C956ADA005663B1 /* PJ_qsc.c in Sources */ = {isa = PBXBuildFile; fileRef = D8B008C51C955213005663B1 /* PJ_qsc.c */; };
		D8B00AF91C956ADA005663B1 /* pj_qsfn.c in Sources */ = {isa = PBXBuildFile; fileRef = D8B008C61C955213005663B1 /* pj_qsfn.c */; };
		D8B00AFA1C956ADA005663B1 /* pj_release.c in Sources */ = {isa = PBXBuildFile; fileRef = D8B008C71C955213005663B1 /* pj_release.c */; };
		D8B00AFB1C956ADA005663B1 /* PJ_robin.c in Sources */ = {isa = PBXBuildFile; fileRef = D8B008C81C955213005663B1 /* PJ_robin.c */; };
		D8B00AFC1C956ADA005663B1 /* PJ_rpoly.c in Sources */ = {isa = PBXBuildFile; fileRef = D8B008C91C955213005663B1 /* PJ_rpoly.c */; };
		D8B00AFD1C956ADA005663B1 /* PJ_sch.c in Sources */ = {isa = PBXBuildFile; fileRef = D8B008CA1C955213005663B1 /* PJ_sch.c */; };
		D8B00AFE1C956ADA005663B1 /* PJ_sconics.c in Sources */ = {isa = PBXBuildFile; fileRef = D8B008CB1C955213005663B1 /* PJ_sconics.c */; };
		D8B00AFF1C956ADA005663B1 /* PJ_somerc.c in Sources */ = {isa = PBXBuildFile; fileRef = D8B008CC1C955213005663B1 /* PJ_somerc.c */; };
		D8B00B001C956ADA005663B1 /* PJ_stere.c in Sources */ = {isa = PBXBuildFile; fileRef = D8B008CD1C955213005663B1 /* PJ_stere.c */; };
		D8B00B011C956ADA005663B1 /* PJ_sterea.c in Sources */ = {isa = PBXBuildFile; fileRef = D8B008CE1C955213005663B1 /* PJ_sterea.c */; };
		D8B00B021C956ADA005663B1 /* pj_strerrno.c in Sources */ = {isa = PBXBuildFile; fileRef = D8B008CF1C955213005663B1 /* pj_strerrno.c */; };
		D8B00B031C956ADA005663B1 /* pj_strtod.c in Sources */ = {isa = PBXBuildFile; fileRef = D8B008D01C955213005663B1 /* pj_strtod.c */; };
		D8B00B041C956ADA005663B1 /* PJ_sts.c in Sources */ = {isa = PBXBuildFile; fileRef = D8B008D11C955213005663B1 /* PJ_sts.c */; };
		D8B00B051C956ADA005663B1 /* PJ_tcc.c in Sources */ = {isa = PBXBuildFile; fileRef = D8B008D21C955213005663B1 /* PJ_tcc.c */; };
		D8B00B061C956ADA005663B1 /* PJ_tcea.c in Sources */ = {isa = PBXBuildFile; fileRef = D8B008D31C955213005663B1 /* PJ_tcea.c */; };
		D8B00B071C956ADA005663B1 /* PJ_tmerc.c in Sources */ = {isa = PBXBuildFile; fileRef = D8B008D41C955213005663B1 /* PJ_tmerc.c */; };
		D8B00B081C956ADA005663B1 /* PJ_tpeqd.c in Sources */ = {isa = PBXBuildFile; fileRef = D8B008D51C955213005663B1 /* PJ_tpeqd.c */; };
		D8B00B091C956ADA005663B1 /* pj_transform.c in Sources */ = {isa = PBXBuildFile; fileRef = D8B008D61C955213005663B1 /* pj_transform.c */; };
		D8B00B0A1C956ADA005663B1 /* pj_tsfn.c in Sources */ = {isa = PBXBuildFile; fileRef = D8B008D71C955213005663B1 /* pj_tsfn.c */; };
		D8B00B0B1C956ADA005663B1 /* pj_units.c in Sources */ = {isa = PBXBuildFile; fileRef = D8B008D81C955213005663B1 /* pj_units.c */; };
		D8B00B0C1C956ADA005663B1 /* PJ_urm5.c in Sources */ = {isa = PBXBuildFile; fileRef = D8B008D91C955213005663B1 /* PJ_urm5.c */; };
		D8B00B0D1C956ADA005663B1 /* PJ_urmfps.c in Sources */ = {isa = PBXBuildFile; fileRef = D8B008DA1C955213005663B1 /* PJ_urmfps.c */; };
		D8B00B0E1C956ADA005663B1 /* pj_utils.c in Sources */ = {isa = PBXBuildFile; fileRef = D8B008DB1C955213005663B1 /* pj_utils.c */; };
		D8B00B0F1C956ADA005663B1 /* PJ_vandg.c in Sources */ = {isa = PBXBuildFile; fileRef = D8B008DC1C955213005663B1 /* PJ_vandg.c */; };
		D8B00B101C956ADA005663B1 /* PJ_vandg2.c in Sources */ = {isa = PBXBuildFile; fileRef = D8B008DD1C955213005663B1 /* PJ_vandg2.c */; };
		D8B00B111C956ADA005663B1 /* PJ_vandg4.c in Sources */ = {isa = PBXBuildFile; fileRef = D8B008DE1C955213005663B1 /* PJ_vandg4.c */; };
		D8B00B121C956ADA005663B1 /* PJ_wag2.c in Sources */ = {isa = PBXBuildFile; fileRef = D8B008DF1C955213005663B1 /* PJ_wag2.c */; };
		D8B00B131C956ADA005663B1 /* PJ_wag3.c in Sources */ = {isa = PBXBuildFile; fileRef = D8B008E01C955213005663B1 /* PJ_wag3.c */; };
		D8B00B141C956ADA005663B1 /* PJ_wag7.c in Sources */ = {isa = PBXBuildFile; fileRef = D8B008E11C955213005663B1 /* PJ_wag7.c */; };
		D8B00B151C956ADA005663B1 /* PJ_wink1.c in Sources */ = {isa = PBXBuildFile; fileRef = D8B008E21C955213005663B1 /* PJ_wink1.c */; };
		D8B00B161C956ADA005663B1 /* PJ_wink2.c in Sources */ = {isa = PBXBuildFile; fileRef = D8B008E31C955213005663B1 /* PJ_wink2.c */; };
		D8B00B171C956ADA005663B1 /* pj_zpoly1.c in Sources */ = {isa = PBXBuildFile; fileRef = D8B008E41C955213005663B1 /* pj_zpoly1.c */; };
		D8B00B181C956ADA005663B1 /* proj_etmerc.c in Sources */ = {isa = PBXBuildFile; fileRef = D8B008E51C955213005663B1 /* proj_etmerc.c */; };
		D8B00B191C956ADA005663B1 /* proj_mdist.c in Sources */ = {isa = PBXBuildFile; fileRef = D8B008E61C955213005663B1 /* proj_mdist.c */; };
		D8B00B1A1C956ADA005663B1 /* proj_rouss.c in Sources */ = {isa = PBXBuildFile; fileRef = D8B008E71C955213005663B1 /* proj_rouss.c */; };
		D8B00B1B1C956ADA005663B1 /* rtodms.c in Sources */ = {isa = PBXBuildFile; fileRef = D8B008E91C955213005663B1 /* rtodms.c */; };
		D8B00B1C1C956ADA005663B1 /* vector1.c in Sources */ = {isa = PBXBuildFile; fileRef = D8B008EB1C955213005663B1 /* vector1.c */; };
		D8B00B1D1C956B95005663B1 /* Proj4.framework in Frameworks */ = {isa = PBXBuildFile; fileRef = D8B009B71C95653E005663B1 /* Proj4.framework */; settings = {ATTRIBUTES = (Weak, ); }; };
		D8B00B1F1C95EC5D005663B1 /* Point3D.swift in Sources */ = {isa = PBXBuildFile; fileRef = D8B00B1E1C95EC5D005663B1 /* Point3D.swift */; };
/* End PBXBuildFile section */

/* Begin PBXContainerItemProxy section */
		D8B008301C955183005663B1 /* PBXContainerItemProxy */ = {
			isa = PBXContainerItemProxy;
			containerPortal = D8B0081B1C955183005663B1 /* Project object */;
			proxyType = 1;
			remoteGlobalIDString = D8B008231C955183005663B1;
			remoteInfo = Proj4Swift;
		};
		D8B009C11C95670B005663B1 /* PBXContainerItemProxy */ = {
			isa = PBXContainerItemProxy;
			containerPortal = D8B0081B1C955183005663B1 /* Project object */;
			proxyType = 1;
			remoteGlobalIDString = D8B009B61C95653E005663B1;
			remoteInfo = Proj4;
		};
/* End PBXContainerItemProxy section */

/* Begin PBXFileReference section */
		D8B008241C955183005663B1 /* Proj4Swift.framework */ = {isa = PBXFileReference; explicitFileType = wrapper.framework; includeInIndex = 0; path = Proj4Swift.framework; sourceTree = BUILT_PRODUCTS_DIR; };
		D8B008271C955183005663B1 /* Proj4Swift.h */ = {isa = PBXFileReference; lastKnownFileType = sourcecode.c.h; path = Proj4Swift.h; sourceTree = "<group>"; };
		D8B008291C955183005663B1 /* Info.plist */ = {isa = PBXFileReference; lastKnownFileType = text.plist.xml; path = Info.plist; sourceTree = "<group>"; };
		D8B0082E1C955183005663B1 /* Proj4SwiftTests.xctest */ = {isa = PBXFileReference; explicitFileType = wrapper.cfbundle; includeInIndex = 0; path = Proj4SwiftTests.xctest; sourceTree = BUILT_PRODUCTS_DIR; };
		D8B008331C955183005663B1 /* ProjectionTests.swift */ = {isa = PBXFileReference; lastKnownFileType = sourcecode.swift; path = ProjectionTests.swift; sourceTree = "<group>"; };
		D8B008351C955183005663B1 /* Info.plist */ = {isa = PBXFileReference; lastKnownFileType = text.plist.xml; path = Info.plist; sourceTree = "<group>"; };
		D8B008401C955213005663B1 /* aasincos.c */ = {isa = PBXFileReference; fileEncoding = 4; lastKnownFileType = sourcecode.c.c; name = aasincos.c; path = lib/proj4/src/aasincos.c; sourceTree = SOURCE_ROOT; };
		D8B008411C955213005663B1 /* adjlon.c */ = {isa = PBXFileReference; fileEncoding = 4; lastKnownFileType = sourcecode.c.c; name = adjlon.c; path = lib/proj4/src/adjlon.c; sourceTree = SOURCE_ROOT; };
		D8B008421C955213005663B1 /* bch2bps.c */ = {isa = PBXFileReference; fileEncoding = 4; lastKnownFileType = sourcecode.c.c; name = bch2bps.c; path = lib/proj4/src/bch2bps.c; sourceTree = SOURCE_ROOT; };
		D8B008431C955213005663B1 /* bchgen.c */ = {isa = PBXFileReference; fileEncoding = 4; lastKnownFileType = sourcecode.c.c; name = bchgen.c; path = lib/proj4/src/bchgen.c; sourceTree = SOURCE_ROOT; };
		D8B008441C955213005663B1 /* biveval.c */ = {isa = PBXFileReference; fileEncoding = 4; lastKnownFileType = sourcecode.c.c; name = biveval.c; path = lib/proj4/src/biveval.c; sourceTree = SOURCE_ROOT; };
		D8B008461C955213005663B1 /* dmstor.c */ = {isa = PBXFileReference; fileEncoding = 4; lastKnownFileType = sourcecode.c.c; name = dmstor.c; path = lib/proj4/src/dmstor.c; sourceTree = SOURCE_ROOT; };
		D8B008471C955213005663B1 /* emess.c */ = {isa = PBXFileReference; fileEncoding = 4; lastKnownFileType = sourcecode.c.c; name = emess.c; path = lib/proj4/src/emess.c; sourceTree = SOURCE_ROOT; };
		D8B008481C955213005663B1 /* gen_cheb.c */ = {isa = PBXFileReference; fileEncoding = 4; lastKnownFileType = sourcecode.c.c; name = gen_cheb.c; path = lib/proj4/src/gen_cheb.c; sourceTree = SOURCE_ROOT; };
		D8B008491C955213005663B1 /* geocent.c */ = {isa = PBXFileReference; fileEncoding = 4; lastKnownFileType = sourcecode.c.c; name = geocent.c; path = lib/proj4/src/geocent.c; sourceTree = SOURCE_ROOT; };
		D8B0084A1C955213005663B1 /* geod_interface.c */ = {isa = PBXFileReference; fileEncoding = 4; lastKnownFileType = sourcecode.c.c; name = geod_interface.c; path = lib/proj4/src/geod_interface.c; sourceTree = SOURCE_ROOT; };
		D8B0084B1C955213005663B1 /* geod_set.c */ = {isa = PBXFileReference; fileEncoding = 4; lastKnownFileType = sourcecode.c.c; name = geod_set.c; path = lib/proj4/src/geod_set.c; sourceTree = SOURCE_ROOT; };
		D8B0084D1C955213005663B1 /* geodesic.c */ = {isa = PBXFileReference; fileEncoding = 4; lastKnownFileType = sourcecode.c.c; name = geodesic.c; path = lib/proj4/src/geodesic.c; sourceTree = SOURCE_ROOT; };
		D8B0084F1C955213005663B1 /* hypot.c */ = {isa = PBXFileReference; fileEncoding = 4; lastKnownFileType = sourcecode.c.c; name = hypot.c; path = lib/proj4/src/hypot.c; sourceTree = SOURCE_ROOT; };
		D8B008501C955213005663B1 /* jniproj.c */ = {isa = PBXFileReference; fileEncoding = 4; lastKnownFileType = sourcecode.c.c; name = jniproj.c; path = lib/proj4/src/jniproj.c; sourceTree = SOURCE_ROOT; };
		D8B008511C955213005663B1 /* mk_cheby.c */ = {isa = PBXFileReference; fileEncoding = 4; lastKnownFileType = sourcecode.c.c; name = mk_cheby.c; path = lib/proj4/src/mk_cheby.c; sourceTree = SOURCE_ROOT; };
		D8B008531C955213005663B1 /* nad_cvt.c */ = {isa = PBXFileReference; fileEncoding = 4; lastKnownFileType = sourcecode.c.c; name = nad_cvt.c; path = lib/proj4/src/nad_cvt.c; sourceTree = SOURCE_ROOT; };
		D8B008541C955213005663B1 /* nad_init.c */ = {isa = PBXFileReference; fileEncoding = 4; lastKnownFileType = sourcecode.c.c; name = nad_init.c; path = lib/proj4/src/nad_init.c; sourceTree = SOURCE_ROOT; };
		D8B008551C955213005663B1 /* nad_intr.c */ = {isa = PBXFileReference; fileEncoding = 4; lastKnownFileType = sourcecode.c.c; name = nad_intr.c; path = lib/proj4/src/nad_intr.c; sourceTree = SOURCE_ROOT; };
		D8B008571C955213005663B1 /* p_series.c */ = {isa = PBXFileReference; fileEncoding = 4; lastKnownFileType = sourcecode.c.c; name = p_series.c; path = lib/proj4/src/p_series.c; sourceTree = SOURCE_ROOT; };
		D8B008581C955213005663B1 /* PJ_aea.c */ = {isa = PBXFileReference; fileEncoding = 4; lastKnownFileType = sourcecode.c.c; name = PJ_aea.c; path = lib/proj4/src/PJ_aea.c; sourceTree = SOURCE_ROOT; };
		D8B008591C955213005663B1 /* PJ_aeqd.c */ = {isa = PBXFileReference; fileEncoding = 4; lastKnownFileType = sourcecode.c.c; name = PJ_aeqd.c; path = lib/proj4/src/PJ_aeqd.c; sourceTree = SOURCE_ROOT; };
		D8B0085A1C955213005663B1 /* PJ_airy.c */ = {isa = PBXFileReference; fileEncoding = 4; lastKnownFileType = sourcecode.c.c; name = PJ_airy.c; path = lib/proj4/src/PJ_airy.c; sourceTree = SOURCE_ROOT; };
		D8B0085B1C955213005663B1 /* PJ_aitoff.c */ = {isa = PBXFileReference; fileEncoding = 4; lastKnownFileType = sourcecode.c.c; name = PJ_aitoff.c; path = lib/proj4/src/PJ_aitoff.c; sourceTree = SOURCE_ROOT; };
		D8B0085C1C955213005663B1 /* pj_apply_gridshift.c */ = {isa = PBXFileReference; fileEncoding = 4; lastKnownFileType = sourcecode.c.c; name = pj_apply_gridshift.c; path = lib/proj4/src/pj_apply_gridshift.c; sourceTree = SOURCE_ROOT; };
		D8B0085D1C955213005663B1 /* pj_apply_vgridshift.c */ = {isa = PBXFileReference; fileEncoding = 4; lastKnownFileType = sourcecode.c.c; name = pj_apply_vgridshift.c; path = lib/proj4/src/pj_apply_vgridshift.c; sourceTree = SOURCE_ROOT; };
		D8B0085E1C955213005663B1 /* PJ_august.c */ = {isa = PBXFileReference; fileEncoding = 4; lastKnownFileType = sourcecode.c.c; name = PJ_august.c; path = lib/proj4/src/PJ_august.c; sourceTree = SOURCE_ROOT; };
		D8B0085F1C955213005663B1 /* pj_auth.c */ = {isa = PBXFileReference; fileEncoding = 4; lastKnownFileType = sourcecode.c.c; name = pj_auth.c; path = lib/proj4/src/pj_auth.c; sourceTree = SOURCE_ROOT; };
		D8B008601C955213005663B1 /* PJ_bacon.c */ = {isa = PBXFileReference; fileEncoding = 4; lastKnownFileType = sourcecode.c.c; name = PJ_bacon.c; path = lib/proj4/src/PJ_bacon.c; sourceTree = SOURCE_ROOT; };
		D8B008611C955213005663B1 /* PJ_bipc.c */ = {isa = PBXFileReference; fileEncoding = 4; lastKnownFileType = sourcecode.c.c; name = PJ_bipc.c; path = lib/proj4/src/PJ_bipc.c; sourceTree = SOURCE_ROOT; };
		D8B008621C955213005663B1 /* PJ_boggs.c */ = {isa = PBXFileReference; fileEncoding = 4; lastKnownFileType = sourcecode.c.c; name = PJ_boggs.c; path = lib/proj4/src/PJ_boggs.c; sourceTree = SOURCE_ROOT; };
		D8B008631C955213005663B1 /* PJ_bonne.c */ = {isa = PBXFileReference; fileEncoding = 4; lastKnownFileType = sourcecode.c.c; name = PJ_bonne.c; path = lib/proj4/src/PJ_bonne.c; sourceTree = SOURCE_ROOT; };
		D8B008641C955213005663B1 /* PJ_calcofi.c */ = {isa = PBXFileReference; fileEncoding = 4; lastKnownFileType = sourcecode.c.c; name = PJ_calcofi.c; path = lib/proj4/src/PJ_calcofi.c; sourceTree = SOURCE_ROOT; };
		D8B008651C955213005663B1 /* PJ_cass.c */ = {isa = PBXFileReference; fileEncoding = 4; lastKnownFileType = sourcecode.c.c; name = PJ_cass.c; path = lib/proj4/src/PJ_cass.c; sourceTree = SOURCE_ROOT; };
		D8B008661C955213005663B1 /* PJ_cc.c */ = {isa = PBXFileReference; fileEncoding = 4; lastKnownFileType = sourcecode.c.c; name = PJ_cc.c; path = lib/proj4/src/PJ_cc.c; sourceTree = SOURCE_ROOT; };
		D8B008671C955213005663B1 /* PJ_cea.c */ = {isa = PBXFileReference; fileEncoding = 4; lastKnownFileType = sourcecode.c.c; name = PJ_cea.c; path = lib/proj4/src/PJ_cea.c; sourceTree = SOURCE_ROOT; };
		D8B008681C955213005663B1 /* PJ_chamb.c */ = {isa = PBXFileReference; fileEncoding = 4; lastKnownFileType = sourcecode.c.c; name = PJ_chamb.c; path = lib/proj4/src/PJ_chamb.c; sourceTree = SOURCE_ROOT; };
		D8B008691C955213005663B1 /* PJ_collg.c */ = {isa = PBXFileReference; fileEncoding = 4; lastKnownFileType = sourcecode.c.c; name = PJ_collg.c; path = lib/proj4/src/PJ_collg.c; sourceTree = SOURCE_ROOT; };
		D8B0086A1C955213005663B1 /* PJ_crast.c */ = {isa = PBXFileReference; fileEncoding = 4; lastKnownFileType = sourcecode.c.c; name = PJ_crast.c; path = lib/proj4/src/PJ_crast.c; sourceTree = SOURCE_ROOT; };
		D8B0086B1C955213005663B1 /* pj_ctx.c */ = {isa = PBXFileReference; fileEncoding = 4; lastKnownFileType = sourcecode.c.c; name = pj_ctx.c; path = lib/proj4/src/pj_ctx.c; sourceTree = SOURCE_ROOT; };
		D8B0086C1C955213005663B1 /* pj_datum_set.c */ = {isa = PBXFileReference; fileEncoding = 4; lastKnownFileType = sourcecode.c.c; name = pj_datum_set.c; path = lib/proj4/src/pj_datum_set.c; sourceTree = SOURCE_ROOT; };
		D8B0086D1C955213005663B1 /* pj_datums.c */ = {isa = PBXFileReference; fileEncoding = 4; lastKnownFileType = sourcecode.c.c; name = pj_datums.c; path = lib/proj4/src/pj_datums.c; sourceTree = SOURCE_ROOT; };
		D8B0086E1C955213005663B1 /* PJ_denoy.c */ = {isa = PBXFileReference; fileEncoding = 4; lastKnownFileType = sourcecode.c.c; name = PJ_denoy.c; path = lib/proj4/src/PJ_denoy.c; sourceTree = SOURCE_ROOT; };
		D8B0086F1C955213005663B1 /* pj_deriv.c */ = {isa = PBXFileReference; fileEncoding = 4; lastKnownFileType = sourcecode.c.c; name = pj_deriv.c; path = lib/proj4/src/pj_deriv.c; sourceTree = SOURCE_ROOT; };
		D8B008701C955213005663B1 /* PJ_eck1.c */ = {isa = PBXFileReference; fileEncoding = 4; lastKnownFileType = sourcecode.c.c; name = PJ_eck1.c; path = lib/proj4/src/PJ_eck1.c; sourceTree = SOURCE_ROOT; };
		D8B008711C955213005663B1 /* PJ_eck2.c */ = {isa = PBXFileReference; fileEncoding = 4; lastKnownFileType = sourcecode.c.c; name = PJ_eck2.c; path = lib/proj4/src/PJ_eck2.c; sourceTree = SOURCE_ROOT; };
		D8B008721C955213005663B1 /* PJ_eck3.c */ = {isa = PBXFileReference; fileEncoding = 4; lastKnownFileType = sourcecode.c.c; name = PJ_eck3.c; path = lib/proj4/src/PJ_eck3.c; sourceTree = SOURCE_ROOT; };
		D8B008731C955213005663B1 /* PJ_eck4.c */ = {isa = PBXFileReference; fileEncoding = 4; lastKnownFileType = sourcecode.c.c; name = PJ_eck4.c; path = lib/proj4/src/PJ_eck4.c; sourceTree = SOURCE_ROOT; };
		D8B008741C955213005663B1 /* PJ_eck5.c */ = {isa = PBXFileReference; fileEncoding = 4; lastKnownFileType = sourcecode.c.c; name = PJ_eck5.c; path = lib/proj4/src/PJ_eck5.c; sourceTree = SOURCE_ROOT; };
		D8B008751C955213005663B1 /* pj_ell_set.c */ = {isa = PBXFileReference; fileEncoding = 4; lastKnownFileType = sourcecode.c.c; name = pj_ell_set.c; path = lib/proj4/src/pj_ell_set.c; sourceTree = SOURCE_ROOT; };
		D8B008761C955213005663B1 /* pj_ellps.c */ = {isa = PBXFileReference; fileEncoding = 4; lastKnownFileType = sourcecode.c.c; name = pj_ellps.c; path = lib/proj4/src/pj_ellps.c; sourceTree = SOURCE_ROOT; };
		D8B008771C955213005663B1 /* PJ_eqc.c */ = {isa = PBXFileReference; fileEncoding = 4; lastKnownFileType = sourcecode.c.c; name = PJ_eqc.c; path = lib/proj4/src/PJ_eqc.c; sourceTree = SOURCE_ROOT; };
		D8B008781C955213005663B1 /* PJ_eqdc.c */ = {isa = PBXFileReference; fileEncoding = 4; lastKnownFileType = sourcecode.c.c; name = PJ_eqdc.c; path = lib/proj4/src/PJ_eqdc.c; sourceTree = SOURCE_ROOT; };
		D8B008791C955213005663B1 /* pj_errno.c */ = {isa = PBXFileReference; fileEncoding = 4; lastKnownFileType = sourcecode.c.c; name = pj_errno.c; path = lib/proj4/src/pj_errno.c; sourceTree = SOURCE_ROOT; };
		D8B0087A1C955213005663B1 /* pj_factors.c */ = {isa = PBXFileReference; fileEncoding = 4; lastKnownFileType = sourcecode.c.c; name = pj_factors.c; path = lib/proj4/src/pj_factors.c; sourceTree = SOURCE_ROOT; };
		D8B0087B1C955213005663B1 /* PJ_fahey.c */ = {isa = PBXFileReference; fileEncoding = 4; lastKnownFileType = sourcecode.c.c; name = PJ_fahey.c; path = lib/proj4/src/PJ_fahey.c; sourceTree = SOURCE_ROOT; };
		D8B0087C1C955213005663B1 /* pj_fileapi.c */ = {isa = PBXFileReference; fileEncoding = 4; lastKnownFileType = sourcecode.c.c; name = pj_fileapi.c; path = lib/proj4/src/pj_fileapi.c; sourceTree = SOURCE_ROOT; };
		D8B0087D1C955213005663B1 /* PJ_fouc_s.c */ = {isa = PBXFileReference; fileEncoding = 4; lastKnownFileType = sourcecode.c.c; name = PJ_fouc_s.c; path = lib/proj4/src/PJ_fouc_s.c; sourceTree = SOURCE_ROOT; };
		D8B0087E1C955213005663B1 /* pj_fwd.c */ = {isa = PBXFileReference; fileEncoding = 4; lastKnownFileType = sourcecode.c.c; name = pj_fwd.c; path = lib/proj4/src/pj_fwd.c; sourceTree = SOURCE_ROOT; };
		D8B0087F1C955213005663B1 /* pj_fwd3d.c */ = {isa = PBXFileReference; fileEncoding = 4; lastKnownFileType = sourcecode.c.c; name = pj_fwd3d.c; path = lib/proj4/src/pj_fwd3d.c; sourceTree = SOURCE_ROOT; };
		D8B008801C955213005663B1 /* PJ_gall.c */ = {isa = PBXFileReference; fileEncoding = 4; lastKnownFileType = sourcecode.c.c; name = PJ_gall.c; path = lib/proj4/src/PJ_gall.c; sourceTree = SOURCE_ROOT; };
		D8B008811C955213005663B1 /* pj_gauss.c */ = {isa = PBXFileReference; fileEncoding = 4; lastKnownFileType = sourcecode.c.c; name = pj_gauss.c; path = lib/proj4/src/pj_gauss.c; sourceTree = SOURCE_ROOT; };
		D8B008821C955213005663B1 /* pj_gc_reader.c */ = {isa = PBXFileReference; fileEncoding = 4; lastKnownFileType = sourcecode.c.c; name = pj_gc_reader.c; path = lib/proj4/src/pj_gc_reader.c; sourceTree = SOURCE_ROOT; };
		D8B008831C955213005663B1 /* pj_geocent.c */ = {isa = PBXFileReference; fileEncoding = 4; lastKnownFileType = sourcecode.c.c; name = pj_geocent.c; path = lib/proj4/src/pj_geocent.c; sourceTree = SOURCE_ROOT; };
		D8B008841C955213005663B1 /* PJ_geos.c */ = {isa = PBXFileReference; fileEncoding = 4; lastKnownFileType = sourcecode.c.c; name = PJ_geos.c; path = lib/proj4/src/PJ_geos.c; sourceTree = SOURCE_ROOT; };
		D8B008851C955213005663B1 /* PJ_gins8.c */ = {isa = PBXFileReference; fileEncoding = 4; lastKnownFileType = sourcecode.c.c; name = PJ_gins8.c; path = lib/proj4/src/PJ_gins8.c; sourceTree = SOURCE_ROOT; };
		D8B008861C955213005663B1 /* PJ_gn_sinu.c */ = {isa = PBXFileReference; fileEncoding = 4; lastKnownFileType = sourcecode.c.c; name = PJ_gn_sinu.c; path = lib/proj4/src/PJ_gn_sinu.c; sourceTree = SOURCE_ROOT; };
		D8B008871C955213005663B1 /* PJ_gnom.c */ = {isa = PBXFileReference; fileEncoding = 4; lastKnownFileType = sourcecode.c.c; name = PJ_gnom.c; path = lib/proj4/src/PJ_gnom.c; sourceTree = SOURCE_ROOT; };
		D8B008881C955213005663B1 /* PJ_goode.c */ = {isa = PBXFileReference; fileEncoding = 4; lastKnownFileType = sourcecode.c.c; name = PJ_goode.c; path = lib/proj4/src/PJ_goode.c; sourceTree = SOURCE_ROOT; };
		D8B008891C955213005663B1 /* pj_gridcatalog.c */ = {isa = PBXFileReference; fileEncoding = 4; lastKnownFileType = sourcecode.c.c; name = pj_gridcatalog.c; path = lib/proj4/src/pj_gridcatalog.c; sourceTree = SOURCE_ROOT; };
		D8B0088A1C955213005663B1 /* pj_gridinfo.c */ = {isa = PBXFileReference; fileEncoding = 4; lastKnownFileType = sourcecode.c.c; name = pj_gridinfo.c; path = lib/proj4/src/pj_gridinfo.c; sourceTree = SOURCE_ROOT; };
		D8B0088B1C955213005663B1 /* pj_gridlist.c */ = {isa = PBXFileReference; fileEncoding = 4; lastKnownFileType = sourcecode.c.c; name = pj_gridlist.c; path = lib/proj4/src/pj_gridlist.c; sourceTree = SOURCE_ROOT; };
		D8B0088C1C955213005663B1 /* PJ_gstmerc.c */ = {isa = PBXFileReference; fileEncoding = 4; lastKnownFileType = sourcecode.c.c; name = PJ_gstmerc.c; path = lib/proj4/src/PJ_gstmerc.c; sourceTree = SOURCE_ROOT; };
		D8B0088D1C955213005663B1 /* PJ_hammer.c */ = {isa = PBXFileReference; fileEncoding = 4; lastKnownFileType = sourcecode.c.c; name = PJ_hammer.c; path = lib/proj4/src/PJ_hammer.c; sourceTree = SOURCE_ROOT; };
		D8B0088E1C955213005663B1 /* PJ_hatano.c */ = {isa = PBXFileReference; fileEncoding = 4; lastKnownFileType = sourcecode.c.c; name = PJ_hatano.c; path = lib/proj4/src/PJ_hatano.c; sourceTree = SOURCE_ROOT; };
		D8B0088F1C955213005663B1 /* PJ_healpix.c */ = {isa = PBXFileReference; fileEncoding = 4; lastKnownFileType = sourcecode.c.c; name = PJ_healpix.c; path = lib/proj4/src/PJ_healpix.c; sourceTree = SOURCE_ROOT; };
		D8B008901C955213005663B1 /* PJ_igh.c */ = {isa = PBXFileReference; fileEncoding = 4; lastKnownFileType = sourcecode.c.c; name = PJ_igh.c; path = lib/proj4/src/PJ_igh.c; sourceTree = SOURCE_ROOT; };
		D8B008911C955213005663B1 /* PJ_imw_p.c */ = {isa = PBXFileReference; fileEncoding = 4; lastKnownFileType = sourcecode.c.c; name = PJ_imw_p.c; path = lib/proj4/src/PJ_imw_p.c; sourceTree = SOURCE_ROOT; };
		D8B008921C955213005663B1 /* pj_init.c */ = {isa = PBXFileReference; fileEncoding = 4; lastKnownFileType = sourcecode.c.c; name = pj_init.c; path = lib/proj4/src/pj_init.c; sourceTree = SOURCE_ROOT; };
		D8B008931C955213005663B1 /* pj_initcache.c */ = {isa = PBXFileReference; fileEncoding = 4; lastKnownFileType = sourcecode.c.c; name = pj_initcache.c; path = lib/proj4/src/pj_initcache.c; sourceTree = SOURCE_ROOT; };
		D8B008941C955213005663B1 /* pj_inv.c */ = {isa = PBXFileReference; fileEncoding = 4; lastKnownFileType = sourcecode.c.c; name = pj_inv.c; path = lib/proj4/src/pj_inv.c; sourceTree = SOURCE_ROOT; };
		D8B008951C955213005663B1 /* pj_inv3d.c */ = {isa = PBXFileReference; fileEncoding = 4; lastKnownFileType = sourcecode.c.c; name = pj_inv3d.c; path = lib/proj4/src/pj_inv3d.c; sourceTree = SOURCE_ROOT; };
		D8B008961C955213005663B1 /* PJ_isea.c */ = {isa = PBXFileReference; fileEncoding = 4; lastKnownFileType = sourcecode.c.c; name = PJ_isea.c; path = lib/proj4/src/PJ_isea.c; sourceTree = SOURCE_ROOT; };
		D8B008971C955213005663B1 /* PJ_krovak.c */ = {isa = PBXFileReference; fileEncoding = 4; lastKnownFileType = sourcecode.c.c; name = PJ_krovak.c; path = lib/proj4/src/PJ_krovak.c; sourceTree = SOURCE_ROOT; };
		D8B008981C955213005663B1 /* PJ_labrd.c */ = {isa = PBXFileReference; fileEncoding = 4; lastKnownFileType = sourcecode.c.c; name = PJ_labrd.c; path = lib/proj4/src/PJ_labrd.c; sourceTree = SOURCE_ROOT; };
		D8B008991C955213005663B1 /* PJ_laea.c */ = {isa = PBXFileReference; fileEncoding = 4; lastKnownFileType = sourcecode.c.c; name = PJ_laea.c; path = lib/proj4/src/PJ_laea.c; sourceTree = SOURCE_ROOT; };
		D8B0089A1C955213005663B1 /* PJ_lagrng.c */ = {isa = PBXFileReference; fileEncoding = 4; lastKnownFileType = sourcecode.c.c; name = PJ_lagrng.c; path = lib/proj4/src/PJ_lagrng.c; sourceTree = SOURCE_ROOT; };
		D8B0089B1C955213005663B1 /* PJ_larr.c */ = {isa = PBXFileReference; fileEncoding = 4; lastKnownFileType = sourcecode.c.c; name = PJ_larr.c; path = lib/proj4/src/PJ_larr.c; sourceTree = SOURCE_ROOT; };
		D8B0089C1C955213005663B1 /* PJ_lask.c */ = {isa = PBXFileReference; fileEncoding = 4; lastKnownFileType = sourcecode.c.c; name = PJ_lask.c; path = lib/proj4/src/PJ_lask.c; sourceTree = SOURCE_ROOT; };
		D8B0089D1C955213005663B1 /* pj_latlong.c */ = {isa = PBXFileReference; fileEncoding = 4; lastKnownFileType = sourcecode.c.c; name = pj_latlong.c; path = lib/proj4/src/pj_latlong.c; sourceTree = SOURCE_ROOT; };
		D8B0089E1C955213005663B1 /* PJ_lcc.c */ = {isa = PBXFileReference; fileEncoding = 4; lastKnownFileType = sourcecode.c.c; name = PJ_lcc.c; path = lib/proj4/src/PJ_lcc.c; sourceTree = SOURCE_ROOT; };
		D8B0089F1C955213005663B1 /* PJ_lcca.c */ = {isa = PBXFileReference; fileEncoding = 4; lastKnownFileType = sourcecode.c.c; name = PJ_lcca.c; path = lib/proj4/src/PJ_lcca.c; sourceTree = SOURCE_ROOT; };
		D8B008A01C955213005663B1 /* pj_list.c */ = {isa = PBXFileReference; fileEncoding = 4; lastKnownFileType = sourcecode.c.c; name = pj_list.c; path = lib/proj4/src/pj_list.c; sourceTree = SOURCE_ROOT; };
		D8B008A11C955213005663B1 /* pj_log.c */ = {isa = PBXFileReference; fileEncoding = 4; lastKnownFileType = sourcecode.c.c; name = pj_log.c; path = lib/proj4/src/pj_log.c; sourceTree = SOURCE_ROOT; };
		D8B008A21C955213005663B1 /* PJ_loxim.c */ = {isa = PBXFileReference; fileEncoding = 4; lastKnownFileType = sourcecode.c.c; name = PJ_loxim.c; path = lib/proj4/src/PJ_loxim.c; sourceTree = SOURCE_ROOT; };
		D8B008A31C955213005663B1 /* PJ_lsat.c */ = {isa = PBXFileReference; fileEncoding = 4; lastKnownFileType = sourcecode.c.c; name = PJ_lsat.c; path = lib/proj4/src/PJ_lsat.c; sourceTree = SOURCE_ROOT; };
		D8B008A41C955213005663B1 /* pj_malloc.c */ = {isa = PBXFileReference; fileEncoding = 4; lastKnownFileType = sourcecode.c.c; name = pj_malloc.c; path = lib/proj4/src/pj_malloc.c; sourceTree = SOURCE_ROOT; };
		D8B008A51C955213005663B1 /* PJ_mbt_fps.c */ = {isa = PBXFileReference; fileEncoding = 4; lastKnownFileType = sourcecode.c.c; name = PJ_mbt_fps.c; path = lib/proj4/src/PJ_mbt_fps.c; sourceTree = SOURCE_ROOT; };
		D8B008A61C955213005663B1 /* PJ_mbtfpp.c */ = {isa = PBXFileReference; fileEncoding = 4; lastKnownFileType = sourcecode.c.c; name = PJ_mbtfpp.c; path = lib/proj4/src/PJ_mbtfpp.c; sourceTree = SOURCE_ROOT; };
		D8B008A71C955213005663B1 /* PJ_mbtfpq.c */ = {isa = PBXFileReference; fileEncoding = 4; lastKnownFileType = sourcecode.c.c; name = PJ_mbtfpq.c; path = lib/proj4/src/PJ_mbtfpq.c; sourceTree = SOURCE_ROOT; };
		D8B008A81C955213005663B1 /* PJ_merc.c */ = {isa = PBXFileReference; fileEncoding = 4; lastKnownFileType = sourcecode.c.c; name = PJ_merc.c; path = lib/proj4/src/PJ_merc.c; sourceTree = SOURCE_ROOT; };
		D8B008A91C955213005663B1 /* PJ_mill.c */ = {isa = PBXFileReference; fileEncoding = 4; lastKnownFileType = sourcecode.c.c; name = PJ_mill.c; path = lib/proj4/src/PJ_mill.c; sourceTree = SOURCE_ROOT; };
		D8B008AA1C955213005663B1 /* PJ_misrsom.c */ = {isa = PBXFileReference; fileEncoding = 4; lastKnownFileType = sourcecode.c.c; name = PJ_misrsom.c; path = lib/proj4/src/PJ_misrsom.c; sourceTree = SOURCE_ROOT; };
		D8B008AB1C955213005663B1 /* pj_mlfn.c */ = {isa = PBXFileReference; fileEncoding = 4; lastKnownFileType = sourcecode.c.c; name = pj_mlfn.c; path = lib/proj4/src/pj_mlfn.c; sourceTree = SOURCE_ROOT; };
		D8B008AC1C955213005663B1 /* PJ_mod_ster.c */ = {isa = PBXFileReference; fileEncoding = 4; lastKnownFileType = sourcecode.c.c; name = PJ_mod_ster.c; path = lib/proj4/src/PJ_mod_ster.c; sourceTree = SOURCE_ROOT; };
		D8B008AD1C955213005663B1 /* PJ_moll.c */ = {isa = PBXFileReference; fileEncoding = 4; lastKnownFileType = sourcecode.c.c; name = PJ_moll.c; path = lib/proj4/src/PJ_moll.c; sourceTree = SOURCE_ROOT; };
		D8B008AE1C955213005663B1 /* pj_msfn.c */ = {isa = PBXFileReference; fileEncoding = 4; lastKnownFileType = sourcecode.c.c; name = pj_msfn.c; path = lib/proj4/src/pj_msfn.c; sourceTree = SOURCE_ROOT; };
		D8B008AF1C955213005663B1 /* pj_mutex.c */ = {isa = PBXFileReference; fileEncoding = 4; lastKnownFileType = sourcecode.c.c; name = pj_mutex.c; path = lib/proj4/src/pj_mutex.c; sourceTree = SOURCE_ROOT; };
		D8B008B01C955213005663B1 /* PJ_natearth.c */ = {isa = PBXFileReference; fileEncoding = 4; lastKnownFileType = sourcecode.c.c; name = PJ_natearth.c; path = lib/proj4/src/PJ_natearth.c; sourceTree = SOURCE_ROOT; };
		D8B008B11C955213005663B1 /* PJ_nell_h.c */ = {isa = PBXFileReference; fileEncoding = 4; lastKnownFileType = sourcecode.c.c; name = PJ_nell_h.c; path = lib/proj4/src/PJ_nell_h.c; sourceTree = SOURCE_ROOT; };
		D8B008B21C955213005663B1 /* PJ_nell.c */ = {isa = PBXFileReference; fileEncoding = 4; lastKnownFileType = sourcecode.c.c; name = PJ_nell.c; path = lib/proj4/src/PJ_nell.c; sourceTree = SOURCE_ROOT; };
		D8B008B31C955213005663B1 /* PJ_nocol.c */ = {isa = PBXFileReference; fileEncoding = 4; lastKnownFileType = sourcecode.c.c; name = PJ_nocol.c; path = lib/proj4/src/PJ_nocol.c; sourceTree = SOURCE_ROOT; };
		D8B008B41C955213005663B1 /* PJ_nsper.c */ = {isa = PBXFileReference; fileEncoding = 4; lastKnownFileType = sourcecode.c.c; name = PJ_nsper.c; path = lib/proj4/src/PJ_nsper.c; sourceTree = SOURCE_ROOT; };
		D8B008B51C955213005663B1 /* PJ_nzmg.c */ = {isa = PBXFileReference; fileEncoding = 4; lastKnownFileType = sourcecode.c.c; name = PJ_nzmg.c; path = lib/proj4/src/PJ_nzmg.c; sourceTree = SOURCE_ROOT; };
		D8B008B61C955213005663B1 /* PJ_ob_tran.c */ = {isa = PBXFileReference; fileEncoding = 4; lastKnownFileType = sourcecode.c.c; name = PJ_ob_tran.c; path = lib/proj4/src/PJ_ob_tran.c; sourceTree = SOURCE_ROOT; };
		D8B008B71C955213005663B1 /* PJ_ocea.c */ = {isa = PBXFileReference; fileEncoding = 4; lastKnownFileType = sourcecode.c.c; name = PJ_ocea.c; path = lib/proj4/src/PJ_ocea.c; sourceTree = SOURCE_ROOT; };
		D8B008B81C955213005663B1 /* PJ_oea.c */ = {isa = PBXFileReference; fileEncoding = 4; lastKnownFileType = sourcecode.c.c; name = PJ_oea.c; path = lib/proj4/src/PJ_oea.c; sourceTree = SOURCE_ROOT; };
		D8B008B91C955213005663B1 /* PJ_omerc.c */ = {isa = PBXFileReference; fileEncoding = 4; lastKnownFileType = sourcecode.c.c; name = PJ_omerc.c; path = lib/proj4/src/PJ_omerc.c; sourceTree = SOURCE_ROOT; };
		D8B008BA1C955213005663B1 /* pj_open_lib.c */ = {isa = PBXFileReference; fileEncoding = 4; lastKnownFileType = sourcecode.c.c; name = pj_open_lib.c; path = lib/proj4/src/pj_open_lib.c; sourceTree = SOURCE_ROOT; };
		D8B008BB1C955213005663B1 /* PJ_ortho.c */ = {isa = PBXFileReference; fileEncoding = 4; lastKnownFileType = sourcecode.c.c; name = PJ_ortho.c; path = lib/proj4/src/PJ_ortho.c; sourceTree = SOURCE_ROOT; };
		D8B008BC1C955213005663B1 /* pj_param.c */ = {isa = PBXFileReference; fileEncoding = 4; lastKnownFileType = sourcecode.c.c; name = pj_param.c; path = lib/proj4/src/pj_param.c; sourceTree = SOURCE_ROOT; };
		D8B008BD1C955213005663B1 /* pj_phi2.c */ = {isa = PBXFileReference; fileEncoding = 4; lastKnownFileType = sourcecode.c.c; name = pj_phi2.c; path = lib/proj4/src/pj_phi2.c; sourceTree = SOURCE_ROOT; };
		D8B008BE1C955213005663B1 /* PJ_poly.c */ = {isa = PBXFileReference; fileEncoding = 4; lastKnownFileType = sourcecode.c.c; name = PJ_poly.c; path = lib/proj4/src/PJ_poly.c; sourceTree = SOURCE_ROOT; };
		D8B008BF1C955213005663B1 /* pj_pr_list.c */ = {isa = PBXFileReference; fileEncoding = 4; lastKnownFileType = sourcecode.c.c; name = pj_pr_list.c; path = lib/proj4/src/pj_pr_list.c; sourceTree = SOURCE_ROOT; };
		D8B008C01C955213005663B1 /* PJ_putp2.c */ = {isa = PBXFileReference; fileEncoding = 4; lastKnownFileType = sourcecode.c.c; name = PJ_putp2.c; path = lib/proj4/src/PJ_putp2.c; sourceTree = SOURCE_ROOT; };
		D8B008C11C955213005663B1 /* PJ_putp3.c */ = {isa = PBXFileReference; fileEncoding = 4; lastKnownFileType = sourcecode.c.c; name = PJ_putp3.c; path = lib/proj4/src/PJ_putp3.c; sourceTree = SOURCE_ROOT; };
		D8B008C21C955213005663B1 /* PJ_putp4p.c */ = {isa = PBXFileReference; fileEncoding = 4; lastKnownFileType = sourcecode.c.c; name = PJ_putp4p.c; path = lib/proj4/src/PJ_putp4p.c; sourceTree = SOURCE_ROOT; };
		D8B008C31C955213005663B1 /* PJ_putp5.c */ = {isa = PBXFileReference; fileEncoding = 4; lastKnownFileType = sourcecode.c.c; name = PJ_putp5.c; path = lib/proj4/src/PJ_putp5.c; sourceTree = SOURCE_ROOT; };
		D8B008C41C955213005663B1 /* PJ_putp6.c */ = {isa = PBXFileReference; fileEncoding = 4; lastKnownFileType = sourcecode.c.c; name = PJ_putp6.c; path = lib/proj4/src/PJ_putp6.c; sourceTree = SOURCE_ROOT; };
		D8B008C51C955213005663B1 /* PJ_qsc.c */ = {isa = PBXFileReference; fileEncoding = 4; lastKnownFileType = sourcecode.c.c; name = PJ_qsc.c; path = lib/proj4/src/PJ_qsc.c; sourceTree = SOURCE_ROOT; };
		D8B008C61C955213005663B1 /* pj_qsfn.c */ = {isa = PBXFileReference; fileEncoding = 4; lastKnownFileType = sourcecode.c.c; name = pj_qsfn.c; path = lib/proj4/src/pj_qsfn.c; sourceTree = SOURCE_ROOT; };
		D8B008C71C955213005663B1 /* pj_release.c */ = {isa = PBXFileReference; fileEncoding = 4; lastKnownFileType = sourcecode.c.c; name = pj_release.c; path = lib/proj4/src/pj_release.c; sourceTree = SOURCE_ROOT; };
		D8B008C81C955213005663B1 /* PJ_robin.c */ = {isa = PBXFileReference; fileEncoding = 4; lastKnownFileType = sourcecode.c.c; name = PJ_robin.c; path = lib/proj4/src/PJ_robin.c; sourceTree = SOURCE_ROOT; };
		D8B008C91C955213005663B1 /* PJ_rpoly.c */ = {isa = PBXFileReference; fileEncoding = 4; lastKnownFileType = sourcecode.c.c; name = PJ_rpoly.c; path = lib/proj4/src/PJ_rpoly.c; sourceTree = SOURCE_ROOT; };
		D8B008CA1C955213005663B1 /* PJ_sch.c */ = {isa = PBXFileReference; fileEncoding = 4; lastKnownFileType = sourcecode.c.c; name = PJ_sch.c; path = lib/proj4/src/PJ_sch.c; sourceTree = SOURCE_ROOT; };
		D8B008CB1C955213005663B1 /* PJ_sconics.c */ = {isa = PBXFileReference; fileEncoding = 4; lastKnownFileType = sourcecode.c.c; name = PJ_sconics.c; path = lib/proj4/src/PJ_sconics.c; sourceTree = SOURCE_ROOT; };
		D8B008CC1C955213005663B1 /* PJ_somerc.c */ = {isa = PBXFileReference; fileEncoding = 4; lastKnownFileType = sourcecode.c.c; name = PJ_somerc.c; path = lib/proj4/src/PJ_somerc.c; sourceTree = SOURCE_ROOT; };
		D8B008CD1C955213005663B1 /* PJ_stere.c */ = {isa = PBXFileReference; fileEncoding = 4; lastKnownFileType = sourcecode.c.c; name = PJ_stere.c; path = lib/proj4/src/PJ_stere.c; sourceTree = SOURCE_ROOT; };
		D8B008CE1C955213005663B1 /* PJ_sterea.c */ = {isa = PBXFileReference; fileEncoding = 4; lastKnownFileType = sourcecode.c.c; name = PJ_sterea.c; path = lib/proj4/src/PJ_sterea.c; sourceTree = SOURCE_ROOT; };
		D8B008CF1C955213005663B1 /* pj_strerrno.c */ = {isa = PBXFileReference; fileEncoding = 4; lastKnownFileType = sourcecode.c.c; name = pj_strerrno.c; path = lib/proj4/src/pj_strerrno.c; sourceTree = SOURCE_ROOT; };
		D8B008D01C955213005663B1 /* pj_strtod.c */ = {isa = PBXFileReference; fileEncoding = 4; lastKnownFileType = sourcecode.c.c; name = pj_strtod.c; path = lib/proj4/src/pj_strtod.c; sourceTree = SOURCE_ROOT; };
		D8B008D11C955213005663B1 /* PJ_sts.c */ = {isa = PBXFileReference; fileEncoding = 4; lastKnownFileType = sourcecode.c.c; name = PJ_sts.c; path = lib/proj4/src/PJ_sts.c; sourceTree = SOURCE_ROOT; };
		D8B008D21C955213005663B1 /* PJ_tcc.c */ = {isa = PBXFileReference; fileEncoding = 4; lastKnownFileType = sourcecode.c.c; name = PJ_tcc.c; path = lib/proj4/src/PJ_tcc.c; sourceTree = SOURCE_ROOT; };
		D8B008D31C955213005663B1 /* PJ_tcea.c */ = {isa = PBXFileReference; fileEncoding = 4; lastKnownFileType = sourcecode.c.c; name = PJ_tcea.c; path = lib/proj4/src/PJ_tcea.c; sourceTree = SOURCE_ROOT; };
		D8B008D41C955213005663B1 /* PJ_tmerc.c */ = {isa = PBXFileReference; fileEncoding = 4; lastKnownFileType = sourcecode.c.c; name = PJ_tmerc.c; path = lib/proj4/src/PJ_tmerc.c; sourceTree = SOURCE_ROOT; };
		D8B008D51C955213005663B1 /* PJ_tpeqd.c */ = {isa = PBXFileReference; fileEncoding = 4; lastKnownFileType = sourcecode.c.c; name = PJ_tpeqd.c; path = lib/proj4/src/PJ_tpeqd.c; sourceTree = SOURCE_ROOT; };
		D8B008D61C955213005663B1 /* pj_transform.c */ = {isa = PBXFileReference; fileEncoding = 4; lastKnownFileType = sourcecode.c.c; name = pj_transform.c; path = lib/proj4/src/pj_transform.c; sourceTree = SOURCE_ROOT; };
		D8B008D71C955213005663B1 /* pj_tsfn.c */ = {isa = PBXFileReference; fileEncoding = 4; lastKnownFileType = sourcecode.c.c; name = pj_tsfn.c; path = lib/proj4/src/pj_tsfn.c; sourceTree = SOURCE_ROOT; };
		D8B008D81C955213005663B1 /* pj_units.c */ = {isa = PBXFileReference; fileEncoding = 4; lastKnownFileType = sourcecode.c.c; name = pj_units.c; path = lib/proj4/src/pj_units.c; sourceTree = SOURCE_ROOT; };
		D8B008D91C955213005663B1 /* PJ_urm5.c */ = {isa = PBXFileReference; fileEncoding = 4; lastKnownFileType = sourcecode.c.c; name = PJ_urm5.c; path = lib/proj4/src/PJ_urm5.c; sourceTree = SOURCE_ROOT; };
		D8B008DA1C955213005663B1 /* PJ_urmfps.c */ = {isa = PBXFileReference; fileEncoding = 4; lastKnownFileType = sourcecode.c.c; name = PJ_urmfps.c; path = lib/proj4/src/PJ_urmfps.c; sourceTree = SOURCE_ROOT; };
		D8B008DB1C955213005663B1 /* pj_utils.c */ = {isa = PBXFileReference; fileEncoding = 4; lastKnownFileType = sourcecode.c.c; name = pj_utils.c; path = lib/proj4/src/pj_utils.c; sourceTree = SOURCE_ROOT; };
		D8B008DC1C955213005663B1 /* PJ_vandg.c */ = {isa = PBXFileReference; fileEncoding = 4; lastKnownFileType = sourcecode.c.c; name = PJ_vandg.c; path = lib/proj4/src/PJ_vandg.c; sourceTree = SOURCE_ROOT; };
		D8B008DD1C955213005663B1 /* PJ_vandg2.c */ = {isa = PBXFileReference; fileEncoding = 4; lastKnownFileType = sourcecode.c.c; name = PJ_vandg2.c; path = lib/proj4/src/PJ_vandg2.c; sourceTree = SOURCE_ROOT; };
		D8B008DE1C955213005663B1 /* PJ_vandg4.c */ = {isa = PBXFileReference; fileEncoding = 4; lastKnownFileType = sourcecode.c.c; name = PJ_vandg4.c; path = lib/proj4/src/PJ_vandg4.c; sourceTree = SOURCE_ROOT; };
		D8B008DF1C955213005663B1 /* PJ_wag2.c */ = {isa = PBXFileReference; fileEncoding = 4; lastKnownFileType = sourcecode.c.c; name = PJ_wag2.c; path = lib/proj4/src/PJ_wag2.c; sourceTree = SOURCE_ROOT; };
		D8B008E01C955213005663B1 /* PJ_wag3.c */ = {isa = PBXFileReference; fileEncoding = 4; lastKnownFileType = sourcecode.c.c; name = PJ_wag3.c; path = lib/proj4/src/PJ_wag3.c; sourceTree = SOURCE_ROOT; };
		D8B008E11C955213005663B1 /* PJ_wag7.c */ = {isa = PBXFileReference; fileEncoding = 4; lastKnownFileType = sourcecode.c.c; name = PJ_wag7.c; path = lib/proj4/src/PJ_wag7.c; sourceTree = SOURCE_ROOT; };
		D8B008E21C955213005663B1 /* PJ_wink1.c */ = {isa = PBXFileReference; fileEncoding = 4; lastKnownFileType = sourcecode.c.c; name = PJ_wink1.c; path = lib/proj4/src/PJ_wink1.c; sourceTree = SOURCE_ROOT; };
		D8B008E31C955213005663B1 /* PJ_wink2.c */ = {isa = PBXFileReference; fileEncoding = 4; lastKnownFileType = sourcecode.c.c; name = PJ_wink2.c; path = lib/proj4/src/PJ_wink2.c; sourceTree = SOURCE_ROOT; };
		D8B008E41C955213005663B1 /* pj_zpoly1.c */ = {isa = PBXFileReference; fileEncoding = 4; lastKnownFileType = sourcecode.c.c; name = pj_zpoly1.c; path = lib/proj4/src/pj_zpoly1.c; sourceTree = SOURCE_ROOT; };
		D8B008E51C955213005663B1 /* proj_etmerc.c */ = {isa = PBXFileReference; fileEncoding = 4; lastKnownFileType = sourcecode.c.c; name = proj_etmerc.c; path = lib/proj4/src/proj_etmerc.c; sourceTree = SOURCE_ROOT; };
		D8B008E61C955213005663B1 /* proj_mdist.c */ = {isa = PBXFileReference; fileEncoding = 4; lastKnownFileType = sourcecode.c.c; name = proj_mdist.c; path = lib/proj4/src/proj_mdist.c; sourceTree = SOURCE_ROOT; };
		D8B008E71C955213005663B1 /* proj_rouss.c */ = {isa = PBXFileReference; fileEncoding = 4; lastKnownFileType = sourcecode.c.c; name = proj_rouss.c; path = lib/proj4/src/proj_rouss.c; sourceTree = SOURCE_ROOT; };
		D8B008E91C955213005663B1 /* rtodms.c */ = {isa = PBXFileReference; fileEncoding = 4; lastKnownFileType = sourcecode.c.c; name = rtodms.c; path = lib/proj4/src/rtodms.c; sourceTree = SOURCE_ROOT; };
		D8B008EB1C955213005663B1 /* vector1.c */ = {isa = PBXFileReference; fileEncoding = 4; lastKnownFileType = sourcecode.c.c; name = vector1.c; path = lib/proj4/src/vector1.c; sourceTree = SOURCE_ROOT; };
		D8B009981C955229005663B1 /* emess.h */ = {isa = PBXFileReference; fileEncoding = 4; lastKnownFileType = sourcecode.c.h; name = emess.h; path = lib/proj4/src/emess.h; sourceTree = SOURCE_ROOT; };
		D8B009991C955229005663B1 /* geocent.h */ = {isa = PBXFileReference; fileEncoding = 4; lastKnownFileType = sourcecode.c.h; name = geocent.h; path = lib/proj4/src/geocent.h; sourceTree = SOURCE_ROOT; };
		D8B0099A1C955229005663B1 /* geod_interface.h */ = {isa = PBXFileReference; fileEncoding = 4; lastKnownFileType = sourcecode.c.h; name = geod_interface.h; path = lib/proj4/src/geod_interface.h; sourceTree = SOURCE_ROOT; };
		D8B0099B1C955229005663B1 /* geodesic.h */ = {isa = PBXFileReference; fileEncoding = 4; lastKnownFileType = sourcecode.c.h; name = geodesic.h; path = lib/proj4/src/geodesic.h; sourceTree = SOURCE_ROOT; };
		D8B0099C1C955229005663B1 /* nad_list.h */ = {isa = PBXFileReference; fileEncoding = 4; lastKnownFileType = sourcecode.c.h; name = nad_list.h; path = lib/proj4/src/nad_list.h; sourceTree = SOURCE_ROOT; };
		D8B0099D1C955229005663B1 /* org_proj4_PJ.h */ = {isa = PBXFileReference; fileEncoding = 4; lastKnownFileType = sourcecode.c.h; name = org_proj4_PJ.h; path = lib/proj4/src/org_proj4_PJ.h; sourceTree = SOURCE_ROOT; };
		D8B0099E1C955229005663B1 /* org_proj4_Projections.h */ = {isa = PBXFileReference; fileEncoding = 4; lastKnownFileType = sourcecode.c.h; name = org_proj4_Projections.h; path = lib/proj4/src/org_proj4_Projections.h; sourceTree = SOURCE_ROOT; };
		D8B0099F1C955229005663B1 /* pj_list.h */ = {isa = PBXFileReference; fileEncoding = 4; lastKnownFileType = sourcecode.c.h; name = pj_list.h; path = lib/proj4/src/pj_list.h; sourceTree = SOURCE_ROOT; };
		D8B009A01C955229005663B1 /* proj_api.h */ = {isa = PBXFileReference; fileEncoding = 4; lastKnownFileType = sourcecode.c.h; name = proj_api.h; path = lib/proj4/src/proj_api.h; sourceTree = SOURCE_ROOT; };
		D8B009A11C955229005663B1 /* projects.h */ = {isa = PBXFileReference; fileEncoding = 4; lastKnownFileType = sourcecode.c.h; name = projects.h; path = lib/proj4/src/projects.h; sourceTree = SOURCE_ROOT; };
		D8B009AD1C9553AD005663B1 /* Projection.swift */ = {isa = PBXFileReference; fileEncoding = 4; lastKnownFileType = sourcecode.swift; path = Projection.swift; sourceTree = "<group>"; };
		D8B009B71C95653E005663B1 /* Proj4.framework */ = {isa = PBXFileReference; explicitFileType = wrapper.framework; includeInIndex = 0; path = Proj4.framework; sourceTree = BUILT_PRODUCTS_DIR; };
		D8B009BB1C95653E005663B1 /* Info.plist */ = {isa = PBXFileReference; lastKnownFileType = text.plist.xml; path = Info.plist; sourceTree = "<group>"; };
		D8B009BF1C95657E005663B1 /* Proj4.xcconfig */ = {isa = PBXFileReference; lastKnownFileType = text.xcconfig; path = Proj4.xcconfig; sourceTree = "<group>"; };
		D8B009C01C9566E1005663B1 /* module.modulemap */ = {isa = PBXFileReference; fileEncoding = 4; lastKnownFileType = "sourcecode.module-map"; path = module.modulemap; sourceTree = "<group>"; };
		D8B009D11C95691D005663B1 /* proj_config.h */ = {isa = PBXFileReference; lastKnownFileType = sourcecode.c.h; path = proj_config.h; sourceTree = "<group>"; };
		D8B00B1E1C95EC5D005663B1 /* Point3D.swift */ = {isa = PBXFileReference; fileEncoding = 4; lastKnownFileType = sourcecode.swift; path = Point3D.swift; sourceTree = "<group>"; };
/* End PBXFileReference section */

/* Begin PBXFrameworksBuildPhase section */
		D8B008201C955183005663B1 /* Frameworks */ = {
			isa = PBXFrameworksBuildPhase;
			buildActionMask = 2147483647;
			files = (
				D8B00B1D1C956B95005663B1 /* Proj4.framework in Frameworks */,
			);
			runOnlyForDeploymentPostprocessing = 0;
		};
		D8B0082B1C955183005663B1 /* Frameworks */ = {
			isa = PBXFrameworksBuildPhase;
			buildActionMask = 2147483647;
			files = (
				D8B0082F1C955183005663B1 /* Proj4Swift.framework in Frameworks */,
			);
			runOnlyForDeploymentPostprocessing = 0;
		};
		D8B009B31C95653E005663B1 /* Frameworks */ = {
			isa = PBXFrameworksBuildPhase;
			buildActionMask = 2147483647;
			files = (
			);
			runOnlyForDeploymentPostprocessing = 0;
		};
/* End PBXFrameworksBuildPhase section */

/* Begin PBXGroup section */
		D8B0081A1C955183005663B1 = {
			isa = PBXGroup;
			children = (
				D8B008261C955183005663B1 /* Proj4Swift */,
				D8B009B81C95653E005663B1 /* Proj4 */,
				D8B008321C955183005663B1 /* Proj4SwiftTests */,
				D8B008251C955183005663B1 /* Products */,
			);
			sourceTree = "<group>";
		};
		D8B008251C955183005663B1 /* Products */ = {
			isa = PBXGroup;
			children = (
				D8B008241C955183005663B1 /* Proj4Swift.framework */,
				D8B0082E1C955183005663B1 /* Proj4SwiftTests.xctest */,
				D8B009B71C95653E005663B1 /* Proj4.framework */,
			);
			name = Products;
			sourceTree = "<group>";
		};
		D8B008261C955183005663B1 /* Proj4Swift */ = {
			isa = PBXGroup;
			children = (
				D8B008271C955183005663B1 /* Proj4Swift.h */,
				D8B009AD1C9553AD005663B1 /* Projection.swift */,
				D8B00B1E1C95EC5D005663B1 /* Point3D.swift */,
				D8B008291C955183005663B1 /* Info.plist */,
			);
			path = Proj4Swift;
			sourceTree = "<group>";
		};
		D8B008321C955183005663B1 /* Proj4SwiftTests */ = {
			isa = PBXGroup;
			children = (
				D8B008331C955183005663B1 /* ProjectionTests.swift */,
				D8B008351C955183005663B1 /* Info.plist */,
			);
			path = Proj4SwiftTests;
			sourceTree = "<group>";
		};
		D8B009B81C95653E005663B1 /* Proj4 */ = {
			isa = PBXGroup;
			children = (
				D8B009C31C95672E005663B1 /* headers */,
				D8B009D01C956748005663B1 /* src */,
				D8B009BF1C95657E005663B1 /* Proj4.xcconfig */,
				D8B009BB1C95653E005663B1 /* Info.plist */,
				D8B009C01C9566E1005663B1 /* module.modulemap */,
			);
			path = Proj4;
			sourceTree = "<group>";
		};
		D8B009C31C95672E005663B1 /* headers */ = {
			isa = PBXGroup;
			children = (
				D8B009981C955229005663B1 /* emess.h */,
				D8B009991C955229005663B1 /* geocent.h */,
				D8B0099A1C955229005663B1 /* geod_interface.h */,
				D8B0099B1C955229005663B1 /* geodesic.h */,
				D8B0099C1C955229005663B1 /* nad_list.h */,
				D8B0099D1C955229005663B1 /* org_proj4_PJ.h */,
				D8B0099E1C955229005663B1 /* org_proj4_Projections.h */,
				D8B0099F1C955229005663B1 /* pj_list.h */,
				D8B009A11C955229005663B1 /* projects.h */,
				D8B009A01C955229005663B1 /* proj_api.h */,
				D8B009D11C95691D005663B1 /* proj_config.h */,
			);
			name = headers;
			sourceTree = "<group>";
		};
		D8B009D01C956748005663B1 /* src */ = {
			isa = PBXGroup;
			children = (
				D8B008401C955213005663B1 /* aasincos.c */,
				D8B008411C955213005663B1 /* adjlon.c */,
				D8B008421C955213005663B1 /* bch2bps.c */,
				D8B008431C955213005663B1 /* bchgen.c */,
				D8B008441C955213005663B1 /* biveval.c */,
				D8B008461C955213005663B1 /* dmstor.c */,
				D8B008471C955213005663B1 /* emess.c */,
				D8B008481C955213005663B1 /* gen_cheb.c */,
				D8B008491C955213005663B1 /* geocent.c */,
				D8B0084A1C955213005663B1 /* geod_interface.c */,
				D8B0084B1C955213005663B1 /* geod_set.c */,
				D8B0084D1C955213005663B1 /* geodesic.c */,
				D8B0084F1C955213005663B1 /* hypot.c */,
				D8B008501C955213005663B1 /* jniproj.c */,
				D8B008511C955213005663B1 /* mk_cheby.c */,
				D8B008531C955213005663B1 /* nad_cvt.c */,
				D8B008541C955213005663B1 /* nad_init.c */,
				D8B008551C955213005663B1 /* nad_intr.c */,
				D8B008571C955213005663B1 /* p_series.c */,
				D8B008581C955213005663B1 /* PJ_aea.c */,
				D8B008591C955213005663B1 /* PJ_aeqd.c */,
				D8B0085A1C955213005663B1 /* PJ_airy.c */,
				D8B0085B1C955213005663B1 /* PJ_aitoff.c */,
				D8B0085C1C955213005663B1 /* pj_apply_gridshift.c */,
				D8B0085D1C955213005663B1 /* pj_apply_vgridshift.c */,
				D8B0085E1C955213005663B1 /* PJ_august.c */,
				D8B0085F1C955213005663B1 /* pj_auth.c */,
				D8B008601C955213005663B1 /* PJ_bacon.c */,
				D8B008611C955213005663B1 /* PJ_bipc.c */,
				D8B008621C955213005663B1 /* PJ_boggs.c */,
				D8B008631C955213005663B1 /* PJ_bonne.c */,
				D8B008641C955213005663B1 /* PJ_calcofi.c */,
				D8B008651C955213005663B1 /* PJ_cass.c */,
				D8B008661C955213005663B1 /* PJ_cc.c */,
				D8B008671C955213005663B1 /* PJ_cea.c */,
				D8B008681C955213005663B1 /* PJ_chamb.c */,
				D8B008691C955213005663B1 /* PJ_collg.c */,
				D8B0086A1C955213005663B1 /* PJ_crast.c */,
				D8B0086B1C955213005663B1 /* pj_ctx.c */,
				D8B0086C1C955213005663B1 /* pj_datum_set.c */,
				D8B0086D1C955213005663B1 /* pj_datums.c */,
				D8B0086E1C955213005663B1 /* PJ_denoy.c */,
				D8B0086F1C955213005663B1 /* pj_deriv.c */,
				D8B008701C955213005663B1 /* PJ_eck1.c */,
				D8B008711C955213005663B1 /* PJ_eck2.c */,
				D8B008721C955213005663B1 /* PJ_eck3.c */,
				D8B008731C955213005663B1 /* PJ_eck4.c */,
				D8B008741C955213005663B1 /* PJ_eck5.c */,
				D8B008751C955213005663B1 /* pj_ell_set.c */,
				D8B008761C955213005663B1 /* pj_ellps.c */,
				D8B008771C955213005663B1 /* PJ_eqc.c */,
				D8B008781C955213005663B1 /* PJ_eqdc.c */,
				D8B008791C955213005663B1 /* pj_errno.c */,
				D8B0087A1C955213005663B1 /* pj_factors.c */,
				D8B0087B1C955213005663B1 /* PJ_fahey.c */,
				D8B0087C1C955213005663B1 /* pj_fileapi.c */,
				D8B0087D1C955213005663B1 /* PJ_fouc_s.c */,
				D8B0087E1C955213005663B1 /* pj_fwd.c */,
				D8B0087F1C955213005663B1 /* pj_fwd3d.c */,
				D8B008801C955213005663B1 /* PJ_gall.c */,
				D8B008811C955213005663B1 /* pj_gauss.c */,
				D8B008821C955213005663B1 /* pj_gc_reader.c */,
				D8B008831C955213005663B1 /* pj_geocent.c */,
				D8B008841C955213005663B1 /* PJ_geos.c */,
				D8B008851C955213005663B1 /* PJ_gins8.c */,
				D8B008861C955213005663B1 /* PJ_gn_sinu.c */,
				D8B008871C955213005663B1 /* PJ_gnom.c */,
				D8B008881C955213005663B1 /* PJ_goode.c */,
				D8B008891C955213005663B1 /* pj_gridcatalog.c */,
				D8B0088A1C955213005663B1 /* pj_gridinfo.c */,
				D8B0088B1C955213005663B1 /* pj_gridlist.c */,
				D8B0088C1C955213005663B1 /* PJ_gstmerc.c */,
				D8B0088D1C955213005663B1 /* PJ_hammer.c */,
				D8B0088E1C955213005663B1 /* PJ_hatano.c */,
				D8B0088F1C955213005663B1 /* PJ_healpix.c */,
				D8B008901C955213005663B1 /* PJ_igh.c */,
				D8B008911C955213005663B1 /* PJ_imw_p.c */,
				D8B008921C955213005663B1 /* pj_init.c */,
				D8B008931C955213005663B1 /* pj_initcache.c */,
				D8B008941C955213005663B1 /* pj_inv.c */,
				D8B008951C955213005663B1 /* pj_inv3d.c */,
				D8B008961C955213005663B1 /* PJ_isea.c */,
				D8B008971C955213005663B1 /* PJ_krovak.c */,
				D8B008981C955213005663B1 /* PJ_labrd.c */,
				D8B008991C955213005663B1 /* PJ_laea.c */,
				D8B0089A1C955213005663B1 /* PJ_lagrng.c */,
				D8B0089B1C955213005663B1 /* PJ_larr.c */,
				D8B0089C1C955213005663B1 /* PJ_lask.c */,
				D8B0089D1C955213005663B1 /* pj_latlong.c */,
				D8B0089E1C955213005663B1 /* PJ_lcc.c */,
				D8B0089F1C955213005663B1 /* PJ_lcca.c */,
				D8B008A01C955213005663B1 /* pj_list.c */,
				D8B008A11C955213005663B1 /* pj_log.c */,
				D8B008A21C955213005663B1 /* PJ_loxim.c */,
				D8B008A31C955213005663B1 /* PJ_lsat.c */,
				D8B008A41C955213005663B1 /* pj_malloc.c */,
				D8B008A51C955213005663B1 /* PJ_mbt_fps.c */,
				D8B008A61C955213005663B1 /* PJ_mbtfpp.c */,
				D8B008A71C955213005663B1 /* PJ_mbtfpq.c */,
				D8B008A81C955213005663B1 /* PJ_merc.c */,
				D8B008A91C955213005663B1 /* PJ_mill.c */,
				D8B008AA1C955213005663B1 /* PJ_misrsom.c */,
				D8B008AB1C955213005663B1 /* pj_mlfn.c */,
				D8B008AC1C955213005663B1 /* PJ_mod_ster.c */,
				D8B008AD1C955213005663B1 /* PJ_moll.c */,
				D8B008AE1C955213005663B1 /* pj_msfn.c */,
				D8B008AF1C955213005663B1 /* pj_mutex.c */,
				D8B008B01C955213005663B1 /* PJ_natearth.c */,
				D8B008B11C955213005663B1 /* PJ_nell_h.c */,
				D8B008B21C955213005663B1 /* PJ_nell.c */,
				D8B008B31C955213005663B1 /* PJ_nocol.c */,
				D8B008B41C955213005663B1 /* PJ_nsper.c */,
				D8B008B51C955213005663B1 /* PJ_nzmg.c */,
				D8B008B61C955213005663B1 /* PJ_ob_tran.c */,
				D8B008B71C955213005663B1 /* PJ_ocea.c */,
				D8B008B81C955213005663B1 /* PJ_oea.c */,
				D8B008B91C955213005663B1 /* PJ_omerc.c */,
				D8B008BA1C955213005663B1 /* pj_open_lib.c */,
				D8B008BB1C955213005663B1 /* PJ_ortho.c */,
				D8B008BC1C955213005663B1 /* pj_param.c */,
				D8B008BD1C955213005663B1 /* pj_phi2.c */,
				D8B008BE1C955213005663B1 /* PJ_poly.c */,
				D8B008BF1C955213005663B1 /* pj_pr_list.c */,
				D8B008C01C955213005663B1 /* PJ_putp2.c */,
				D8B008C11C955213005663B1 /* PJ_putp3.c */,
				D8B008C21C955213005663B1 /* PJ_putp4p.c */,
				D8B008C31C955213005663B1 /* PJ_putp5.c */,
				D8B008C41C955213005663B1 /* PJ_putp6.c */,
				D8B008C51C955213005663B1 /* PJ_qsc.c */,
				D8B008C61C955213005663B1 /* pj_qsfn.c */,
				D8B008C71C955213005663B1 /* pj_release.c */,
				D8B008C81C955213005663B1 /* PJ_robin.c */,
				D8B008C91C955213005663B1 /* PJ_rpoly.c */,
				D8B008CA1C955213005663B1 /* PJ_sch.c */,
				D8B008CB1C955213005663B1 /* PJ_sconics.c */,
				D8B008CC1C955213005663B1 /* PJ_somerc.c */,
				D8B008CD1C955213005663B1 /* PJ_stere.c */,
				D8B008CE1C955213005663B1 /* PJ_sterea.c */,
				D8B008CF1C955213005663B1 /* pj_strerrno.c */,
				D8B008D01C955213005663B1 /* pj_strtod.c */,
				D8B008D11C955213005663B1 /* PJ_sts.c */,
				D8B008D21C955213005663B1 /* PJ_tcc.c */,
				D8B008D31C955213005663B1 /* PJ_tcea.c */,
				D8B008D41C955213005663B1 /* PJ_tmerc.c */,
				D8B008D51C955213005663B1 /* PJ_tpeqd.c */,
				D8B008D61C955213005663B1 /* pj_transform.c */,
				D8B008D71C955213005663B1 /* pj_tsfn.c */,
				D8B008D81C955213005663B1 /* pj_units.c */,
				D8B008D91C955213005663B1 /* PJ_urm5.c */,
				D8B008DA1C955213005663B1 /* PJ_urmfps.c */,
				D8B008DB1C955213005663B1 /* pj_utils.c */,
				D8B008DC1C955213005663B1 /* PJ_vandg.c */,
				D8B008DD1C955213005663B1 /* PJ_vandg2.c */,
				D8B008DE1C955213005663B1 /* PJ_vandg4.c */,
				D8B008DF1C955213005663B1 /* PJ_wag2.c */,
				D8B008E01C955213005663B1 /* PJ_wag3.c */,
				D8B008E11C955213005663B1 /* PJ_wag7.c */,
				D8B008E21C955213005663B1 /* PJ_wink1.c */,
				D8B008E31C955213005663B1 /* PJ_wink2.c */,
				D8B008E41C955213005663B1 /* pj_zpoly1.c */,
				D8B008E51C955213005663B1 /* proj_etmerc.c */,
				D8B008E61C955213005663B1 /* proj_mdist.c */,
				D8B008E71C955213005663B1 /* proj_rouss.c */,
				D8B008E91C955213005663B1 /* rtodms.c */,
				D8B008EB1C955213005663B1 /* vector1.c */,
			);
			name = src;
			sourceTree = "<group>";
		};
/* End PBXGroup section */

/* Begin PBXHeadersBuildPhase section */
		D8B008211C955183005663B1 /* Headers */ = {
			isa = PBXHeadersBuildPhase;
			buildActionMask = 2147483647;
			files = (
				D8B008281C955183005663B1 /* Proj4Swift.h in Headers */,
			);
			runOnlyForDeploymentPostprocessing = 0;
		};
		D8B009B41C95653E005663B1 /* Headers */ = {
			isa = PBXHeadersBuildPhase;
			buildActionMask = 2147483647;
			files = (
				D8B009C61C956740005663B1 /* geocent.h in Headers */,
				D8B009D21C956926005663B1 /* proj_config.h in Headers */,
				D8B009C91C956740005663B1 /* nad_list.h in Headers */,
				D8B009CE1C956740005663B1 /* projects.h in Headers */,
				D8B009C71C956740005663B1 /* geod_interface.h in Headers */,
				D8B009CD1C956740005663B1 /* proj_api.h in Headers */,
				D8B009C51C956740005663B1 /* emess.h in Headers */,
				D8B009CC1C956740005663B1 /* pj_list.h in Headers */,
				D8B009C81C956740005663B1 /* geodesic.h in Headers */,
				D8B009CB1C956740005663B1 /* org_proj4_Projections.h in Headers */,
				D8B009CA1C956740005663B1 /* org_proj4_PJ.h in Headers */,
			);
			runOnlyForDeploymentPostprocessing = 0;
		};
/* End PBXHeadersBuildPhase section */

/* Begin PBXNativeTarget section */
		D8B008231C955183005663B1 /* Proj4Swift */ = {
			isa = PBXNativeTarget;
			buildConfigurationList = D8B008381C955183005663B1 /* Build configuration list for PBXNativeTarget "Proj4Swift" */;
			buildPhases = (
				D8B0081F1C955183005663B1 /* Sources */,
				D8B008201C955183005663B1 /* Frameworks */,
				D8B008211C955183005663B1 /* Headers */,
				D8B008221C955183005663B1 /* Resources */,
			);
			buildRules = (
			);
			dependencies = (
				D8B009C21C95670B005663B1 /* PBXTargetDependency */,
			);
			name = Proj4Swift;
			productName = Proj4Swift;
			productReference = D8B008241C955183005663B1 /* Proj4Swift.framework */;
			productType = "com.apple.product-type.framework";
		};
		D8B0082D1C955183005663B1 /* Proj4SwiftTests */ = {
			isa = PBXNativeTarget;
			buildConfigurationList = D8B0083B1C955183005663B1 /* Build configuration list for PBXNativeTarget "Proj4SwiftTests" */;
			buildPhases = (
				D8B0082A1C955183005663B1 /* Sources */,
				D8B0082B1C955183005663B1 /* Frameworks */,
				D8B0082C1C955183005663B1 /* Resources */,
			);
			buildRules = (
			);
			dependencies = (
				D8B008311C955183005663B1 /* PBXTargetDependency */,
			);
			name = Proj4SwiftTests;
			productName = Proj4SwiftTests;
			productReference = D8B0082E1C955183005663B1 /* Proj4SwiftTests.xctest */;
			productType = "com.apple.product-type.bundle.unit-test";
		};
		D8B009B61C95653E005663B1 /* Proj4 */ = {
			isa = PBXNativeTarget;
			buildConfigurationList = D8B009BC1C95653E005663B1 /* Build configuration list for PBXNativeTarget "Proj4" */;
			buildPhases = (
				D8B009B21C95653E005663B1 /* Sources */,
				D8B009B31C95653E005663B1 /* Frameworks */,
				D8B009B41C95653E005663B1 /* Headers */,
				D8B009B51C95653E005663B1 /* Resources */,
			);
			buildRules = (
			);
			dependencies = (
			);
			name = Proj4;
			productName = Proj4;
			productReference = D8B009B71C95653E005663B1 /* Proj4.framework */;
			productType = "com.apple.product-type.framework";
		};
/* End PBXNativeTarget section */

/* Begin PBXProject section */
		D8B0081B1C955183005663B1 /* Project object */ = {
			isa = PBXProject;
			attributes = {
				LastSwiftUpdateCheck = 0730;
				LastUpgradeCheck = 0730;
				ORGANIZATIONNAME = "Fang-Pen Lin";
				TargetAttributes = {
					D8B008231C955183005663B1 = {
						CreatedOnToolsVersion = 7.3;
					};
					D8B0082D1C955183005663B1 = {
						CreatedOnToolsVersion = 7.3;
					};
					D8B009B61C95653E005663B1 = {
						CreatedOnToolsVersion = 7.3;
					};
				};
			};
			buildConfigurationList = D8B0081E1C955183005663B1 /* Build configuration list for PBXProject "Proj4Swift" */;
			compatibilityVersion = "Xcode 3.2";
			developmentRegion = English;
			hasScannedForEncodings = 0;
			knownRegions = (
				en,
			);
			mainGroup = D8B0081A1C955183005663B1;
			productRefGroup = D8B008251C955183005663B1 /* Products */;
			projectDirPath = "";
			projectRoot = "";
			targets = (
				D8B008231C955183005663B1 /* Proj4Swift */,
				D8B009B61C95653E005663B1 /* Proj4 */,
				D8B0082D1C955183005663B1 /* Proj4SwiftTests */,
			);
		};
/* End PBXProject section */

/* Begin PBXResourcesBuildPhase section */
		D8B008221C955183005663B1 /* Resources */ = {
			isa = PBXResourcesBuildPhase;
			buildActionMask = 2147483647;
			files = (
			);
			runOnlyForDeploymentPostprocessing = 0;
		};
		D8B0082C1C955183005663B1 /* Resources */ = {
			isa = PBXResourcesBuildPhase;
			buildActionMask = 2147483647;
			files = (
			);
			runOnlyForDeploymentPostprocessing = 0;
		};
		D8B009B51C95653E005663B1 /* Resources */ = {
			isa = PBXResourcesBuildPhase;
			buildActionMask = 2147483647;
			files = (
			);
			runOnlyForDeploymentPostprocessing = 0;
		};
/* End PBXResourcesBuildPhase section */

/* Begin PBXSourcesBuildPhase section */
		D8B0081F1C955183005663B1 /* Sources */ = {
			isa = PBXSourcesBuildPhase;
			buildActionMask = 2147483647;
			files = (
				D8B009AE1C9553AD005663B1 /* Projection.swift in Sources */,
				D8B00B1F1C95EC5D005663B1 /* Point3D.swift in Sources */,
			);
			runOnlyForDeploymentPostprocessing = 0;
		};
		D8B0082A1C955183005663B1 /* Sources */ = {
			isa = PBXSourcesBuildPhase;
			buildActionMask = 2147483647;
			files = (
				D8B008341C955183005663B1 /* ProjectionTests.swift in Sources */,
			);
			runOnlyForDeploymentPostprocessing = 0;
		};
		D8B009B21C95653E005663B1 /* Sources */ = {
			isa = PBXSourcesBuildPhase;
			buildActionMask = 2147483647;
			files = (
				D8B00B001C956ADA005663B1 /* PJ_stere.c in Sources */,
				D8B00B0E1C956ADA005663B1 /* pj_utils.c in Sources */,
				D8B00B101C956ADA005663B1 /* PJ_vandg2.c in Sources */,
				D8B00A941C956ADA005663B1 /* PJ_bipc.c in Sources */,
				D8B00AD41C956ADA005663B1 /* pj_log.c in Sources */,
				D8B00AB71C956ADA005663B1 /* PJ_geos.c in Sources */,
				D8B00AAC1C956ADA005663B1 /* pj_errno.c in Sources */,
				D8B00AE51C956ADA005663B1 /* PJ_nell.c in Sources */,
				D8B00B091C956ADA005663B1 /* pj_transform.c in Sources */,
				D8B00AA01C956ADA005663B1 /* pj_datums.c in Sources */,
				D8B00ACE1C956ADA005663B1 /* PJ_larr.c in Sources */,
				D8B00AA21C956ADA005663B1 /* pj_deriv.c in Sources */,
				D8B00A981C956ADA005663B1 /* PJ_cass.c in Sources */,
				D8B00B131C956ADA005663B1 /* PJ_wag3.c in Sources */,
				D8B00AED1C956ADA005663B1 /* pj_open_lib.c in Sources */,
				D8B00AE21C956ADA005663B1 /* pj_mutex.c in Sources */,
				D8B00A7B1C956ADA005663B1 /* bchgen.c in Sources */,
				D8B00ACC1C956ADA005663B1 /* PJ_laea.c in Sources */,
				D8B00AAD1C956ADA005663B1 /* pj_factors.c in Sources */,
				D8B00AB31C956ADA005663B1 /* PJ_gall.c in Sources */,
				D8B00A801C956ADA005663B1 /* geocent.c in Sources */,
				D8B00B011C956ADA005663B1 /* PJ_sterea.c in Sources */,
				D8B00AC31C956ADA005663B1 /* PJ_igh.c in Sources */,
				D8B00AC51C956ADA005663B1 /* pj_init.c in Sources */,
				D8B00A811C956ADA005663B1 /* geod_interface.c in Sources */,
				D8B00AF71C956ADA005663B1 /* PJ_putp6.c in Sources */,
				D8B00A901C956ADA005663B1 /* pj_apply_vgridshift.c in Sources */,
				D8B00ABE1C956ADA005663B1 /* pj_gridlist.c in Sources */,
				D8B00B061C956ADA005663B1 /* PJ_tcea.c in Sources */,
				D8B00AF81C956ADA005663B1 /* PJ_qsc.c in Sources */,
				D8B00A861C956ADA005663B1 /* mk_cheby.c in Sources */,
				D8B00A891C956ADA005663B1 /* nad_intr.c in Sources */,
				D8B00A971C956ADA005663B1 /* PJ_calcofi.c in Sources */,
				D8B00AEB1C956ADA005663B1 /* PJ_oea.c in Sources */,
				D8B00AA31C956ADA005663B1 /* PJ_eck1.c in Sources */,
				D8B00A7A1C956ADA005663B1 /* bch2bps.c in Sources */,
				D8B00ABD1C956ADA005663B1 /* pj_gridinfo.c in Sources */,
				D8B00AFF1C956ADA005663B1 /* PJ_somerc.c in Sources */,
				D8B00A7D1C956ADA005663B1 /* dmstor.c in Sources */,
				D8B00A9B1C956ADA005663B1 /* PJ_chamb.c in Sources */,
				D8B00AE71C956ADA005663B1 /* PJ_nsper.c in Sources */,
				D8B00A961C956ADA005663B1 /* PJ_bonne.c in Sources */,
				D8B00AFB1C956ADA005663B1 /* PJ_robin.c in Sources */,
				D8B00A8F1C956ADA005663B1 /* pj_apply_gridshift.c in Sources */,
				D8B00A7C1C956ADA005663B1 /* biveval.c in Sources */,
				D8B00AC61C956ADA005663B1 /* pj_initcache.c in Sources */,
				D8B00AC81C956ADA005663B1 /* pj_inv3d.c in Sources */,
				D8B00AD21C956ADA005663B1 /* PJ_lcca.c in Sources */,
				D8B00ACF1C956ADA005663B1 /* PJ_lask.c in Sources */,
				D8B00AEC1C956ADA005663B1 /* PJ_omerc.c in Sources */,
				D8B00AC11C956ADA005663B1 /* PJ_hatano.c in Sources */,
				D8B00A831C956ADA005663B1 /* geodesic.c in Sources */,
				D8B00A821C956ADA005663B1 /* geod_set.c in Sources */,
				D8B00B0D1C956ADA005663B1 /* PJ_urmfps.c in Sources */,
				D8B00AFE1C956ADA005663B1 /* PJ_sconics.c in Sources */,
				D8B00AD31C956ADA005663B1 /* pj_list.c in Sources */,
				D8B00AB61C956ADA005663B1 /* pj_geocent.c in Sources */,
				D8B00AEE1C956ADA005663B1 /* PJ_ortho.c in Sources */,
				D8B00B151C956ADA005663B1 /* PJ_wink1.c in Sources */,
				D8B00AD61C956ADA005663B1 /* PJ_lsat.c in Sources */,
				D8B00B021C956ADA005663B1 /* pj_strerrno.c in Sources */,
				D8B00ABF1C956ADA005663B1 /* PJ_gstmerc.c in Sources */,
				D8B00ADD1C956ADA005663B1 /* PJ_misrsom.c in Sources */,
				D8B00AF01C956ADA005663B1 /* pj_phi2.c in Sources */,
				D8B00AA81C956ADA005663B1 /* pj_ell_set.c in Sources */,
				D8B00A9D1C956ADA005663B1 /* PJ_crast.c in Sources */,
				D8B00A871C956ADA005663B1 /* nad_cvt.c in Sources */,
				D8B00A881C956ADA005663B1 /* nad_init.c in Sources */,
				D8B00B171C956ADA005663B1 /* pj_zpoly1.c in Sources */,
				D8B00AFD1C956ADA005663B1 /* PJ_sch.c in Sources */,
				D8B00AA91C956ADA005663B1 /* pj_ellps.c in Sources */,
				D8B00A851C956ADA005663B1 /* jniproj.c in Sources */,
				D8B00AB81C956ADA005663B1 /* PJ_gins8.c in Sources */,
				D8B00AB21C956ADA005663B1 /* pj_fwd3d.c in Sources */,
				D8B00A991C956ADA005663B1 /* PJ_cc.c in Sources */,
				D8B00AA61C956ADA005663B1 /* PJ_eck4.c in Sources */,
				D8B00ADB1C956ADA005663B1 /* PJ_merc.c in Sources */,
				D8B00AFA1C956ADA005663B1 /* pj_release.c in Sources */,
				D8B00ADC1C956ADA005663B1 /* PJ_mill.c in Sources */,
				D8B00AF21C956ADA005663B1 /* pj_pr_list.c in Sources */,
				D8B00B051C956ADA005663B1 /* PJ_tcc.c in Sources */,
				D8B00AF11C956ADA005663B1 /* PJ_poly.c in Sources */,
				D8B00A951C956ADA005663B1 /* PJ_boggs.c in Sources */,
				D8B00AB11C956ADA005663B1 /* pj_fwd.c in Sources */,
				D8B00AC91C956ADA005663B1 /* PJ_isea.c in Sources */,
				D8B00A8E1C956ADA005663B1 /* PJ_aitoff.c in Sources */,
				D8B00ACA1C956ADA005663B1 /* PJ_krovak.c in Sources */,
				D8B00A8B1C956ADA005663B1 /* PJ_aea.c in Sources */,
				D8B00AE11C956ADA005663B1 /* pj_msfn.c in Sources */,
				D8B00AFC1C956ADA005663B1 /* PJ_rpoly.c in Sources */,
				D8B00AA41C956ADA005663B1 /* PJ_eck2.c in Sources */,
				D8B00ADF1C956ADA005663B1 /* PJ_mod_ster.c in Sources */,
				D8B00A9E1C956ADA005663B1 /* pj_ctx.c in Sources */,
				D8B00ABA1C956ADA005663B1 /* PJ_gnom.c in Sources */,
				D8B00B031C956ADA005663B1 /* pj_strtod.c in Sources */,
				D8B00ABB1C956ADA005663B1 /* PJ_goode.c in Sources */,
				D8B00B191C956ADA005663B1 /* proj_mdist.c in Sources */,
				D8B00A781C956ADA005663B1 /* aasincos.c in Sources */,
				D8B00A911C956ADA005663B1 /* PJ_august.c in Sources */,
				D8B00AB01C956ADA005663B1 /* PJ_fouc_s.c in Sources */,
				D8B00AF51C956ADA005663B1 /* PJ_putp4p.c in Sources */,
				D8B00A9C1C956ADA005663B1 /* PJ_collg.c in Sources */,
				D8B00AF61C956ADA005663B1 /* PJ_putp5.c in Sources */,
				D8B00AE31C956ADA005663B1 /* PJ_natearth.c in Sources */,
				D8B00ACB1C956ADA005663B1 /* PJ_labrd.c in Sources */,
				D8B00A931C956ADA005663B1 /* PJ_bacon.c in Sources */,
				D8B00AD01C956ADA005663B1 /* pj_latlong.c in Sources */,
				D8B00AC41C956ADA005663B1 /* PJ_imw_p.c in Sources */,
				D8B00A9F1C956ADA005663B1 /* pj_datum_set.c in Sources */,
				D8B00B181C956ADA005663B1 /* proj_etmerc.c in Sources */,
				D8B00ACD1C956ADA005663B1 /* PJ_lagrng.c in Sources */,
				D8B00AAF1C956ADA005663B1 /* pj_fileapi.c in Sources */,
				D8B00A791C956ADA005663B1 /* adjlon.c in Sources */,
				D8B00AC01C956ADA005663B1 /* PJ_hammer.c in Sources */,
				D8B00A8C1C956ADA005663B1 /* PJ_aeqd.c in Sources */,
				D8B00B0B1C956ADA005663B1 /* pj_units.c in Sources */,
				D8B00AB41C956ADA005663B1 /* pj_gauss.c in Sources */,
				D8B00AE41C956ADA005663B1 /* PJ_nell_h.c in Sources */,
				D8B00AE01C956ADA005663B1 /* PJ_moll.c in Sources */,
				D8B00AB91C956ADA005663B1 /* PJ_gn_sinu.c in Sources */,
				D8B00AD11C956ADA005663B1 /* PJ_lcc.c in Sources */,
				D8B00AD71C956ADA005663B1 /* pj_malloc.c in Sources */,
				D8B00AF41C956ADA005663B1 /* PJ_putp3.c in Sources */,
				D8B00A9A1C956ADA005663B1 /* PJ_cea.c in Sources */,
				D8B00ADA1C956ADA005663B1 /* PJ_mbtfpq.c in Sources */,
				D8B00AE91C956ADA005663B1 /* PJ_ob_tran.c in Sources */,
				D8B00B1A1C956ADA005663B1 /* proj_rouss.c in Sources */,
				D8B00B081C956ADA005663B1 /* PJ_tpeqd.c in Sources */,
				D8B00AAA1C956ADA005663B1 /* PJ_eqc.c in Sources */,
				D8B00AD91C956ADA005663B1 /* PJ_mbtfpp.c in Sources */,
				D8B00B1B1C956ADA005663B1 /* rtodms.c in Sources */,
				D8B00B141C956ADA005663B1 /* PJ_wag7.c in Sources */,
				D8B00B0C1C956ADA005663B1 /* PJ_urm5.c in Sources */,
				D8B00B1C1C956ADA005663B1 /* vector1.c in Sources */,
				D8B00A7F1C956ADA005663B1 /* gen_cheb.c in Sources */,
				D8B00AA51C956ADA005663B1 /* PJ_eck3.c in Sources */,
				D8B00AAE1C956ADA005663B1 /* PJ_fahey.c in Sources */,
				D8B00AAB1C956ADA005663B1 /* PJ_eqdc.c in Sources */,
				D8B00AEA1C956ADA005663B1 /* PJ_ocea.c in Sources */,
				D8B00B041C956ADA005663B1 /* PJ_sts.c in Sources */,
				D8B00AB51C956ADA005663B1 /* pj_gc_reader.c in Sources */,
				D8B00AE81C956ADA005663B1 /* PJ_nzmg.c in Sources */,
				D8B00AF91C956ADA005663B1 /* pj_qsfn.c in Sources */,
				D8B00B071C956ADA005663B1 /* PJ_tmerc.c in Sources */,
				D8B00B161C956ADA005663B1 /* PJ_wink2.c in Sources */,
				D8B00A7E1C956ADA005663B1 /* emess.c in Sources */,
				D8B00AD81C956ADA005663B1 /* PJ_mbt_fps.c in Sources */,
				D8B00AA11C956ADA005663B1 /* PJ_denoy.c in Sources */,
				D8B00AA71C956ADA005663B1 /* PJ_eck5.c in Sources */,
				D8B00B0A1C956ADA005663B1 /* pj_tsfn.c in Sources */,
				D8B00AEF1C956ADA005663B1 /* pj_param.c in Sources */,
				D8B00B0F1C956ADA005663B1 /* PJ_vandg.c in Sources */,
				D8B00A921C956ADA005663B1 /* pj_auth.c in Sources */,
				D8B00A841C956ADA005663B1 /* hypot.c in Sources */,
				D8B00AC21C956ADA005663B1 /* PJ_healpix.c in Sources */,
				D8B00ABC1C956ADA005663B1 /* pj_gridcatalog.c in Sources */,
				D8B00A8D1C956ADA005663B1 /* PJ_airy.c in Sources */,
				D8B00A8A1C956ADA005663B1 /* p_series.c in Sources */,
				D8B00AF31C956ADA005663B1 /* PJ_putp2.c in Sources */,
				D8B00B111C956ADA005663B1 /* PJ_vandg4.c in Sources */,
				D8B00AC71C956ADA005663B1 /* pj_inv.c in Sources */,
				D8B00B121C956ADA005663B1 /* PJ_wag2.c in Sources */,
				D8B00ADE1C956ADA005663B1 /* pj_mlfn.c in Sources */,
				D8B00AD51C956ADA005663B1 /* PJ_loxim.c in Sources */,
				D8B00AE61C956ADA005663B1 /* PJ_nocol.c in Sources */,
			);
			runOnlyForDeploymentPostprocessing = 0;
		};
/* End PBXSourcesBuildPhase section */

/* Begin PBXTargetDependency section */
		D8B008311C955183005663B1 /* PBXTargetDependency */ = {
			isa = PBXTargetDependency;
			target = D8B008231C955183005663B1 /* Proj4Swift */;
			targetProxy = D8B008301C955183005663B1 /* PBXContainerItemProxy */;
		};
		D8B009C21C95670B005663B1 /* PBXTargetDependency */ = {
			isa = PBXTargetDependency;
			target = D8B009B61C95653E005663B1 /* Proj4 */;
			targetProxy = D8B009C11C95670B005663B1 /* PBXContainerItemProxy */;
		};
/* End PBXTargetDependency section */

/* Begin XCBuildConfiguration section */
		D8B008361C955183005663B1 /* Debug */ = {
			isa = XCBuildConfiguration;
			buildSettings = {
				ALWAYS_SEARCH_USER_PATHS = NO;
				CLANG_ANALYZER_NONNULL = YES;
				CLANG_CXX_LANGUAGE_STANDARD = "gnu++0x";
				CLANG_CXX_LIBRARY = "libc++";
				CLANG_ENABLE_MODULES = YES;
				CLANG_ENABLE_OBJC_ARC = YES;
				CLANG_WARN_BOOL_CONVERSION = YES;
				CLANG_WARN_CONSTANT_CONVERSION = YES;
				CLANG_WARN_DIRECT_OBJC_ISA_USAGE = YES_ERROR;
				CLANG_WARN_EMPTY_BODY = YES;
				CLANG_WARN_ENUM_CONVERSION = YES;
				CLANG_WARN_INT_CONVERSION = YES;
				CLANG_WARN_OBJC_ROOT_CLASS = YES_ERROR;
				CLANG_WARN_UNREACHABLE_CODE = YES;
				CLANG_WARN__DUPLICATE_METHOD_MATCH = YES;
				"CODE_SIGN_IDENTITY[sdk=iphoneos*]" = "iPhone Developer";
				COPY_PHASE_STRIP = NO;
				CURRENT_PROJECT_VERSION = 1;
				DEBUG_INFORMATION_FORMAT = dwarf;
				ENABLE_STRICT_OBJC_MSGSEND = YES;
				ENABLE_TESTABILITY = YES;
				GCC_C_LANGUAGE_STANDARD = gnu99;
				GCC_DYNAMIC_NO_PIC = NO;
				GCC_NO_COMMON_BLOCKS = YES;
				GCC_OPTIMIZATION_LEVEL = 0;
				GCC_PREPROCESSOR_DEFINITIONS = (
					"DEBUG=1",
					"$(inherited)",
				);
				GCC_WARN_64_TO_32_BIT_CONVERSION = YES;
				GCC_WARN_ABOUT_RETURN_TYPE = YES_ERROR;
				GCC_WARN_UNDECLARED_SELECTOR = YES;
				GCC_WARN_UNINITIALIZED_AUTOS = YES_AGGRESSIVE;
				GCC_WARN_UNUSED_FUNCTION = YES;
				GCC_WARN_UNUSED_VARIABLE = YES;
				IPHONEOS_DEPLOYMENT_TARGET = 9.3;
				MTL_ENABLE_DEBUG_INFO = YES;
				ONLY_ACTIVE_ARCH = YES;
				SDKROOT = iphoneos;
				SWIFT_OPTIMIZATION_LEVEL = "-Onone";
				TARGETED_DEVICE_FAMILY = "1,2";
				VERSIONING_SYSTEM = "apple-generic";
				VERSION_INFO_PREFIX = "";
			};
			name = Debug;
		};
		D8B008371C955183005663B1 /* Release */ = {
			isa = XCBuildConfiguration;
			buildSettings = {
				ALWAYS_SEARCH_USER_PATHS = NO;
				CLANG_ANALYZER_NONNULL = YES;
				CLANG_CXX_LANGUAGE_STANDARD = "gnu++0x";
				CLANG_CXX_LIBRARY = "libc++";
				CLANG_ENABLE_MODULES = YES;
				CLANG_ENABLE_OBJC_ARC = YES;
				CLANG_WARN_BOOL_CONVERSION = YES;
				CLANG_WARN_CONSTANT_CONVERSION = YES;
				CLANG_WARN_DIRECT_OBJC_ISA_USAGE = YES_ERROR;
				CLANG_WARN_EMPTY_BODY = YES;
				CLANG_WARN_ENUM_CONVERSION = YES;
				CLANG_WARN_INT_CONVERSION = YES;
				CLANG_WARN_OBJC_ROOT_CLASS = YES_ERROR;
				CLANG_WARN_UNREACHABLE_CODE = YES;
				CLANG_WARN__DUPLICATE_METHOD_MATCH = YES;
				"CODE_SIGN_IDENTITY[sdk=iphoneos*]" = "iPhone Developer";
				COPY_PHASE_STRIP = NO;
				CURRENT_PROJECT_VERSION = 1;
				DEBUG_INFORMATION_FORMAT = "dwarf-with-dsym";
				ENABLE_NS_ASSERTIONS = NO;
				ENABLE_STRICT_OBJC_MSGSEND = YES;
				GCC_C_LANGUAGE_STANDARD = gnu99;
				GCC_NO_COMMON_BLOCKS = YES;
				GCC_WARN_64_TO_32_BIT_CONVERSION = YES;
				GCC_WARN_ABOUT_RETURN_TYPE = YES_ERROR;
				GCC_WARN_UNDECLARED_SELECTOR = YES;
				GCC_WARN_UNINITIALIZED_AUTOS = YES_AGGRESSIVE;
				GCC_WARN_UNUSED_FUNCTION = YES;
				GCC_WARN_UNUSED_VARIABLE = YES;
				IPHONEOS_DEPLOYMENT_TARGET = 9.3;
				MTL_ENABLE_DEBUG_INFO = NO;
				SDKROOT = iphoneos;
				TARGETED_DEVICE_FAMILY = "1,2";
				VALIDATE_PRODUCT = YES;
				VERSIONING_SYSTEM = "apple-generic";
				VERSION_INFO_PREFIX = "";
			};
			name = Release;
		};
		D8B008391C955183005663B1 /* Debug */ = {
			isa = XCBuildConfiguration;
			buildSettings = {
				CLANG_ENABLE_MODULES = YES;
				DEFINES_MODULE = YES;
				DYLIB_COMPATIBILITY_VERSION = 1;
				DYLIB_CURRENT_VERSION = 1;
				DYLIB_INSTALL_NAME_BASE = "@rpath";
				INFOPLIST_FILE = Proj4Swift/Info.plist;
				INSTALL_PATH = "$(LOCAL_LIBRARY_DIR)/Frameworks";
				IPHONEOS_DEPLOYMENT_TARGET = 8.0;
				LD_RUNPATH_SEARCH_PATHS = "$(inherited) @executable_path/Frameworks @loader_path/Frameworks";
				PRODUCT_BUNDLE_IDENTIFIER = me.victorlin.Proj4Swift;
				PRODUCT_NAME = "$(TARGET_NAME)";
				SKIP_INSTALL = YES;
				SWIFT_INCLUDE_PATHS = "";
				SWIFT_OPTIMIZATION_LEVEL = "-Onone";
			};
			name = Debug;
		};
		D8B0083A1C955183005663B1 /* Release */ = {
			isa = XCBuildConfiguration;
			buildSettings = {
				CLANG_ENABLE_MODULES = YES;
				DEFINES_MODULE = YES;
				DYLIB_COMPATIBILITY_VERSION = 1;
				DYLIB_CURRENT_VERSION = 1;
				DYLIB_INSTALL_NAME_BASE = "@rpath";
				INFOPLIST_FILE = Proj4Swift/Info.plist;
				INSTALL_PATH = "$(LOCAL_LIBRARY_DIR)/Frameworks";
				IPHONEOS_DEPLOYMENT_TARGET = 8.0;
				LD_RUNPATH_SEARCH_PATHS = "$(inherited) @executable_path/Frameworks @loader_path/Frameworks";
				PRODUCT_BUNDLE_IDENTIFIER = me.victorlin.Proj4Swift;
				PRODUCT_NAME = "$(TARGET_NAME)";
				SKIP_INSTALL = YES;
				SWIFT_INCLUDE_PATHS = "";
			};
			name = Release;
		};
		D8B0083C1C955183005663B1 /* Debug */ = {
			isa = XCBuildConfiguration;
			buildSettings = {
				INFOPLIST_FILE = Proj4SwiftTests/Info.plist;
				LD_RUNPATH_SEARCH_PATHS = "$(inherited) @executable_path/Frameworks @loader_path/Frameworks";
				PRODUCT_BUNDLE_IDENTIFIER = me.victorlin.Proj4SwiftTests;
				PRODUCT_NAME = "$(TARGET_NAME)";
			};
			name = Debug;
		};
		D8B0083D1C955183005663B1 /* Release */ = {
			isa = XCBuildConfiguration;
			buildSettings = {
				INFOPLIST_FILE = Proj4SwiftTests/Info.plist;
				LD_RUNPATH_SEARCH_PATHS = "$(inherited) @executable_path/Frameworks @loader_path/Frameworks";
				PRODUCT_BUNDLE_IDENTIFIER = me.victorlin.Proj4SwiftTests;
				PRODUCT_NAME = "$(TARGET_NAME)";
			};
			name = Release;
		};
		D8B009BD1C95653E005663B1 /* Debug */ = {
			isa = XCBuildConfiguration;
			baseConfigurationReference = D8B009BF1C95657E005663B1 /* Proj4.xcconfig */;
			buildSettings = {
				DEFINES_MODULE = YES;
				DYLIB_COMPATIBILITY_VERSION = 1;
				DYLIB_CURRENT_VERSION = 1;
				DYLIB_INSTALL_NAME_BASE = "@rpath";
				HEADER_SEARCH_PATHS = "";
				INFOPLIST_FILE = Proj4/Info.plist;
				INSTALL_PATH = "$(LOCAL_LIBRARY_DIR)/Frameworks";
				LD_RUNPATH_SEARCH_PATHS = "$(inherited) @executable_path/Frameworks @loader_path/Frameworks";
				PRODUCT_BUNDLE_IDENTIFIER = me.victorlin.Proj4;
				PRODUCT_NAME = "$(TARGET_NAME)";
				SKIP_INSTALL = YES;
				USER_HEADER_SEARCH_PATHS = "";
			};
			name = Debug;
		};
		D8B009BE1C95653E005663B1 /* Release */ = {
			isa = XCBuildConfiguration;
			baseConfigurationReference = D8B009BF1C95657E005663B1 /* Proj4.xcconfig */;
			buildSettings = {
				DEFINES_MODULE = YES;
				DYLIB_COMPATIBILITY_VERSION = 1;
				DYLIB_CURRENT_VERSION = 1;
				DYLIB_INSTALL_NAME_BASE = "@rpath";
				HEADER_SEARCH_PATHS = "";
				INFOPLIST_FILE = Proj4/Info.plist;
				INSTALL_PATH = "$(LOCAL_LIBRARY_DIR)/Frameworks";
				LD_RUNPATH_SEARCH_PATHS = "$(inherited) @executable_path/Frameworks @loader_path/Frameworks";
				PRODUCT_BUNDLE_IDENTIFIER = me.victorlin.Proj4;
				PRODUCT_NAME = "$(TARGET_NAME)";
				SKIP_INSTALL = YES;
				USER_HEADER_SEARCH_PATHS = "";
			};
			name = Release;
		};
/* End XCBuildConfiguration section */

/* Begin XCConfigurationList section */
		D8B0081E1C955183005663B1 /* Build configuration list for PBXProject "Proj4Swift" */ = {
			isa = XCConfigurationList;
			buildConfigurations = (
				D8B008361C955183005663B1 /* Debug */,
				D8B008371C955183005663B1 /* Release */,
			);
			defaultConfigurationIsVisible = 0;
			defaultConfigurationName = Release;
		};
		D8B008381C955183005663B1 /* Build configuration list for PBXNativeTarget "Proj4Swift" */ = {
			isa = XCConfigurationList;
			buildConfigurations = (
				D8B008391C955183005663B1 /* Debug */,
				D8B0083A1C955183005663B1 /* Release */,
			);
			defaultConfigurationIsVisible = 0;
			defaultConfigurationName = Release;
		};
		D8B0083B1C955183005663B1 /* Build configuration list for PBXNativeTarget "Proj4SwiftTests" */ = {
			isa = XCConfigurationList;
			buildConfigurations = (
				D8B0083C1C955183005663B1 /* Debug */,
				D8B0083D1C955183005663B1 /* Release */,
			);
			defaultConfigurationIsVisible = 0;
			defaultConfigurationName = Release;
		};
		D8B009BC1C95653E005663B1 /* Build configuration list for PBXNativeTarget "Proj4" */ = {
			isa = XCConfigurationList;
			buildConfigurations = (
				D8B009BD1C95653E005663B1 /* Debug */,
				D8B009BE1C95653E005663B1 /* Release */,
			);
			defaultConfigurationIsVisible = 0;
		};
/* End XCConfigurationList section */
	};
	rootObject = D8B0081B1C955183005663B1 /* Project object */;
}
